
Microsoft Visual Studio Solution File, Format Version 12.00
# Visual Studio 15
VisualStudioVersion = 15.0.27130.2024
MinimumVisualStudioVersion = 10.0.40219.1
Project("{9A19103F-16F7-4668-BE54-9A1E7A4F7556}") = "Samples.Cross", "Samples.Cross\Samples.Cross.csproj", "{6E3DD426-0149-40A2-975E-9DA92B5A11F6}"
EndProject
Project("{FAE04EC0-301F-11D3-BF4B-00C04F79EFBC}") = "Samples.Cross.Android", "Samples.Cross.Android\Samples.Cross.Android.csproj", "{66F39ECF-8D5D-4926-9866-85D349808A6C}"
EndProject
Project("{FAE04EC0-301F-11D3-BF4B-00C04F79EFBC}") = "Samples.Cross.iOS", "Samples.Cross.iOS\Samples.Cross.iOS.csproj", "{8E8B06E4-6EF2-4799-B042-FDD82E635FA5}"
EndProject
Project("{FAE04EC0-301F-11D3-BF4B-00C04F79EFBC}") = "Samples.Cross.UWP", "Samples.Cross.UWP\Samples.Cross.UWP.csproj", "{83B0CFB7-C231-48A9-8BF7-57D891AE2477}"
EndProject
Project("{FAE04EC0-301F-11D3-BF4B-00C04F79EFBC}") = "Samples.Cross.Forms.Launcher", "Samples.Cross.Forms.Launcher\Samples.Cross.Forms.Launcher.csproj", "{6F07F77F-AA28-4ADD-B0F8-A3CB67DA21FE}"
EndProject
Project("{FAE04EC0-301F-11D3-BF4B-00C04F79EFBC}") = "Samples.Cross.WPF.Launcher", "Samples.Cross.WPF.Launcher\Samples.Cross.WPF.Launcher.csproj", "{D0D6010C-D1F5-49A4-8A9D-45043328E215}"
EndProject
Project("{FAE04EC0-301F-11D3-BF4B-00C04F79EFBC}") = "Samples.Cross.WPF.Presentation.Shell", "Samples.Cross.WPF.Presentation.Shell\Samples.Cross.WPF.Presentation.Shell.csproj", "{6B7AD07E-4490-4137-B854-6F99F591EFCB}"
EndProject
Project("{FAE04EC0-301F-11D3-BF4B-00C04F79EFBC}") = "Samples.Cross.Forms.Presentation.Shell", "Samples.Cross.Forms.Presentation.Shell\Samples.Cross.Forms.Presentation.Shell.csproj", "{0F3B575D-3E4E-4D88-9A18-4080393562E3}"
EndProject
Project("{FAE04EC0-301F-11D3-BF4B-00C04F79EFBC}") = "Samples.Cross.Model", "Samples.Cross.Model\Samples.Cross.Model.csproj", "{BDDEC942-AAC0-4F42-833F-7D1347177BD0}"
EndProject
Project("{FAE04EC0-301F-11D3-BF4B-00C04F79EFBC}") = "Samples.Cross.Model.Contracts", "Samples.Cross.Model.Contracts\Samples.Cross.Model.Contracts.csproj", "{158053BA-8543-451A-900D-DAB6F3BDC5F4}"
EndProject
Project("{FAE04EC0-301F-11D3-BF4B-00C04F79EFBC}") = "Samples.Cross.Shared", "Samples.Cross.Shared\Samples.Cross.Shared.csproj", "{0AEE7A5F-8299-4C7C-B5C9-062A25FCB139}"
EndProject
Global
	GlobalSection(SolutionConfigurationPlatforms) = preSolution
		Ad-Hoc|Any CPU = Ad-Hoc|Any CPU
		Ad-Hoc|ARM = Ad-Hoc|ARM
		Ad-Hoc|iPhone = Ad-Hoc|iPhone
		Ad-Hoc|iPhoneSimulator = Ad-Hoc|iPhoneSimulator
		Ad-Hoc|x64 = Ad-Hoc|x64
		Ad-Hoc|x86 = Ad-Hoc|x86
		AppStore|Any CPU = AppStore|Any CPU
		AppStore|ARM = AppStore|ARM
		AppStore|iPhone = AppStore|iPhone
		AppStore|iPhoneSimulator = AppStore|iPhoneSimulator
		AppStore|x64 = AppStore|x64
		AppStore|x86 = AppStore|x86
		Debug|Any CPU = Debug|Any CPU
		Debug|ARM = Debug|ARM
		Debug|iPhone = Debug|iPhone
		Debug|iPhoneSimulator = Debug|iPhoneSimulator
		Debug|x64 = Debug|x64
		Debug|x86 = Debug|x86
		Release|Any CPU = Release|Any CPU
		Release|ARM = Release|ARM
		Release|iPhone = Release|iPhone
		Release|iPhoneSimulator = Release|iPhoneSimulator
		Release|x64 = Release|x64
		Release|x86 = Release|x86
	EndGlobalSection
	GlobalSection(ProjectConfigurationPlatforms) = postSolution
		{6E3DD426-0149-40A2-975E-9DA92B5A11F6}.Ad-Hoc|Any CPU.ActiveCfg = Debug|Any CPU
		{6E3DD426-0149-40A2-975E-9DA92B5A11F6}.Ad-Hoc|Any CPU.Build.0 = Debug|Any CPU
		{6E3DD426-0149-40A2-975E-9DA92B5A11F6}.Ad-Hoc|ARM.ActiveCfg = Debug|Any CPU
		{6E3DD426-0149-40A2-975E-9DA92B5A11F6}.Ad-Hoc|ARM.Build.0 = Debug|Any CPU
		{6E3DD426-0149-40A2-975E-9DA92B5A11F6}.Ad-Hoc|iPhone.ActiveCfg = Debug|Any CPU
		{6E3DD426-0149-40A2-975E-9DA92B5A11F6}.Ad-Hoc|iPhone.Build.0 = Debug|Any CPU
		{6E3DD426-0149-40A2-975E-9DA92B5A11F6}.Ad-Hoc|iPhoneSimulator.ActiveCfg = Debug|Any CPU
		{6E3DD426-0149-40A2-975E-9DA92B5A11F6}.Ad-Hoc|iPhoneSimulator.Build.0 = Debug|Any CPU
		{6E3DD426-0149-40A2-975E-9DA92B5A11F6}.Ad-Hoc|x64.ActiveCfg = Debug|Any CPU
		{6E3DD426-0149-40A2-975E-9DA92B5A11F6}.Ad-Hoc|x64.Build.0 = Debug|Any CPU
		{6E3DD426-0149-40A2-975E-9DA92B5A11F6}.Ad-Hoc|x86.ActiveCfg = Debug|Any CPU
		{6E3DD426-0149-40A2-975E-9DA92B5A11F6}.Ad-Hoc|x86.Build.0 = Debug|Any CPU
		{6E3DD426-0149-40A2-975E-9DA92B5A11F6}.AppStore|Any CPU.ActiveCfg = Debug|Any CPU
		{6E3DD426-0149-40A2-975E-9DA92B5A11F6}.AppStore|Any CPU.Build.0 = Debug|Any CPU
		{6E3DD426-0149-40A2-975E-9DA92B5A11F6}.AppStore|ARM.ActiveCfg = Debug|Any CPU
		{6E3DD426-0149-40A2-975E-9DA92B5A11F6}.AppStore|ARM.Build.0 = Debug|Any CPU
		{6E3DD426-0149-40A2-975E-9DA92B5A11F6}.AppStore|iPhone.ActiveCfg = Debug|Any CPU
		{6E3DD426-0149-40A2-975E-9DA92B5A11F6}.AppStore|iPhone.Build.0 = Debug|Any CPU
		{6E3DD426-0149-40A2-975E-9DA92B5A11F6}.AppStore|iPhoneSimulator.ActiveCfg = Debug|Any CPU
		{6E3DD426-0149-40A2-975E-9DA92B5A11F6}.AppStore|iPhoneSimulator.Build.0 = Debug|Any CPU
		{6E3DD426-0149-40A2-975E-9DA92B5A11F6}.AppStore|x64.ActiveCfg = Debug|Any CPU
		{6E3DD426-0149-40A2-975E-9DA92B5A11F6}.AppStore|x64.Build.0 = Debug|Any CPU
		{6E3DD426-0149-40A2-975E-9DA92B5A11F6}.AppStore|x86.ActiveCfg = Debug|Any CPU
		{6E3DD426-0149-40A2-975E-9DA92B5A11F6}.AppStore|x86.Build.0 = Debug|Any CPU
		{6E3DD426-0149-40A2-975E-9DA92B5A11F6}.Debug|Any CPU.ActiveCfg = Debug|Any CPU
		{6E3DD426-0149-40A2-975E-9DA92B5A11F6}.Debug|Any CPU.Build.0 = Debug|Any CPU
		{6E3DD426-0149-40A2-975E-9DA92B5A11F6}.Debug|ARM.ActiveCfg = Debug|Any CPU
		{6E3DD426-0149-40A2-975E-9DA92B5A11F6}.Debug|ARM.Build.0 = Debug|Any CPU
		{6E3DD426-0149-40A2-975E-9DA92B5A11F6}.Debug|iPhone.ActiveCfg = Debug|Any CPU
		{6E3DD426-0149-40A2-975E-9DA92B5A11F6}.Debug|iPhone.Build.0 = Debug|Any CPU
		{6E3DD426-0149-40A2-975E-9DA92B5A11F6}.Debug|iPhoneSimulator.ActiveCfg = Debug|Any CPU
		{6E3DD426-0149-40A2-975E-9DA92B5A11F6}.Debug|iPhoneSimulator.Build.0 = Debug|Any CPU
		{6E3DD426-0149-40A2-975E-9DA92B5A11F6}.Debug|x64.ActiveCfg = Debug|Any CPU
		{6E3DD426-0149-40A2-975E-9DA92B5A11F6}.Debug|x64.Build.0 = Debug|Any CPU
		{6E3DD426-0149-40A2-975E-9DA92B5A11F6}.Debug|x86.ActiveCfg = Debug|Any CPU
		{6E3DD426-0149-40A2-975E-9DA92B5A11F6}.Debug|x86.Build.0 = Debug|Any CPU
		{6E3DD426-0149-40A2-975E-9DA92B5A11F6}.Release|Any CPU.ActiveCfg = Release|Any CPU
		{6E3DD426-0149-40A2-975E-9DA92B5A11F6}.Release|Any CPU.Build.0 = Release|Any CPU
		{6E3DD426-0149-40A2-975E-9DA92B5A11F6}.Release|ARM.ActiveCfg = Release|Any CPU
		{6E3DD426-0149-40A2-975E-9DA92B5A11F6}.Release|ARM.Build.0 = Release|Any CPU
		{6E3DD426-0149-40A2-975E-9DA92B5A11F6}.Release|iPhone.ActiveCfg = Release|Any CPU
		{6E3DD426-0149-40A2-975E-9DA92B5A11F6}.Release|iPhone.Build.0 = Release|Any CPU
		{6E3DD426-0149-40A2-975E-9DA92B5A11F6}.Release|iPhoneSimulator.ActiveCfg = Release|Any CPU
		{6E3DD426-0149-40A2-975E-9DA92B5A11F6}.Release|iPhoneSimulator.Build.0 = Release|Any CPU
		{6E3DD426-0149-40A2-975E-9DA92B5A11F6}.Release|x64.ActiveCfg = Release|Any CPU
		{6E3DD426-0149-40A2-975E-9DA92B5A11F6}.Release|x64.Build.0 = Release|Any CPU
		{6E3DD426-0149-40A2-975E-9DA92B5A11F6}.Release|x86.ActiveCfg = Release|Any CPU
		{6E3DD426-0149-40A2-975E-9DA92B5A11F6}.Release|x86.Build.0 = Release|Any CPU
		{66F39ECF-8D5D-4926-9866-85D349808A6C}.Ad-Hoc|Any CPU.ActiveCfg = Release|Any CPU
		{66F39ECF-8D5D-4926-9866-85D349808A6C}.Ad-Hoc|Any CPU.Build.0 = Release|Any CPU
		{66F39ECF-8D5D-4926-9866-85D349808A6C}.Ad-Hoc|Any CPU.Deploy.0 = Release|Any CPU
		{66F39ECF-8D5D-4926-9866-85D349808A6C}.Ad-Hoc|ARM.ActiveCfg = Release|Any CPU
		{66F39ECF-8D5D-4926-9866-85D349808A6C}.Ad-Hoc|ARM.Build.0 = Release|Any CPU
		{66F39ECF-8D5D-4926-9866-85D349808A6C}.Ad-Hoc|ARM.Deploy.0 = Release|Any CPU
		{66F39ECF-8D5D-4926-9866-85D349808A6C}.Ad-Hoc|iPhone.ActiveCfg = Release|Any CPU
		{66F39ECF-8D5D-4926-9866-85D349808A6C}.Ad-Hoc|iPhone.Build.0 = Release|Any CPU
		{66F39ECF-8D5D-4926-9866-85D349808A6C}.Ad-Hoc|iPhone.Deploy.0 = Release|Any CPU
		{66F39ECF-8D5D-4926-9866-85D349808A6C}.Ad-Hoc|iPhoneSimulator.ActiveCfg = Release|Any CPU
		{66F39ECF-8D5D-4926-9866-85D349808A6C}.Ad-Hoc|iPhoneSimulator.Build.0 = Release|Any CPU
		{66F39ECF-8D5D-4926-9866-85D349808A6C}.Ad-Hoc|iPhoneSimulator.Deploy.0 = Release|Any CPU
		{66F39ECF-8D5D-4926-9866-85D349808A6C}.Ad-Hoc|x64.ActiveCfg = Release|Any CPU
		{66F39ECF-8D5D-4926-9866-85D349808A6C}.Ad-Hoc|x64.Build.0 = Release|Any CPU
		{66F39ECF-8D5D-4926-9866-85D349808A6C}.Ad-Hoc|x64.Deploy.0 = Release|Any CPU
		{66F39ECF-8D5D-4926-9866-85D349808A6C}.Ad-Hoc|x86.ActiveCfg = Release|Any CPU
		{66F39ECF-8D5D-4926-9866-85D349808A6C}.Ad-Hoc|x86.Build.0 = Release|Any CPU
		{66F39ECF-8D5D-4926-9866-85D349808A6C}.Ad-Hoc|x86.Deploy.0 = Release|Any CPU
		{66F39ECF-8D5D-4926-9866-85D349808A6C}.AppStore|Any CPU.ActiveCfg = Release|Any CPU
		{66F39ECF-8D5D-4926-9866-85D349808A6C}.AppStore|Any CPU.Build.0 = Release|Any CPU
		{66F39ECF-8D5D-4926-9866-85D349808A6C}.AppStore|Any CPU.Deploy.0 = Release|Any CPU
		{66F39ECF-8D5D-4926-9866-85D349808A6C}.AppStore|ARM.ActiveCfg = Release|Any CPU
		{66F39ECF-8D5D-4926-9866-85D349808A6C}.AppStore|ARM.Build.0 = Release|Any CPU
		{66F39ECF-8D5D-4926-9866-85D349808A6C}.AppStore|ARM.Deploy.0 = Release|Any CPU
		{66F39ECF-8D5D-4926-9866-85D349808A6C}.AppStore|iPhone.ActiveCfg = Release|Any CPU
		{66F39ECF-8D5D-4926-9866-85D349808A6C}.AppStore|iPhone.Build.0 = Release|Any CPU
		{66F39ECF-8D5D-4926-9866-85D349808A6C}.AppStore|iPhone.Deploy.0 = Release|Any CPU
		{66F39ECF-8D5D-4926-9866-85D349808A6C}.AppStore|iPhoneSimulator.ActiveCfg = Release|Any CPU
		{66F39ECF-8D5D-4926-9866-85D349808A6C}.AppStore|iPhoneSimulator.Build.0 = Release|Any CPU
		{66F39ECF-8D5D-4926-9866-85D349808A6C}.AppStore|iPhoneSimulator.Deploy.0 = Release|Any CPU
		{66F39ECF-8D5D-4926-9866-85D349808A6C}.AppStore|x64.ActiveCfg = Release|Any CPU
		{66F39ECF-8D5D-4926-9866-85D349808A6C}.AppStore|x64.Build.0 = Release|Any CPU
		{66F39ECF-8D5D-4926-9866-85D349808A6C}.AppStore|x64.Deploy.0 = Release|Any CPU
		{66F39ECF-8D5D-4926-9866-85D349808A6C}.AppStore|x86.ActiveCfg = Release|Any CPU
		{66F39ECF-8D5D-4926-9866-85D349808A6C}.AppStore|x86.Build.0 = Release|Any CPU
		{66F39ECF-8D5D-4926-9866-85D349808A6C}.AppStore|x86.Deploy.0 = Release|Any CPU
		{66F39ECF-8D5D-4926-9866-85D349808A6C}.Debug|Any CPU.ActiveCfg = Debug|Any CPU
		{66F39ECF-8D5D-4926-9866-85D349808A6C}.Debug|Any CPU.Build.0 = Debug|Any CPU
		{66F39ECF-8D5D-4926-9866-85D349808A6C}.Debug|Any CPU.Deploy.0 = Debug|Any CPU
		{66F39ECF-8D5D-4926-9866-85D349808A6C}.Debug|ARM.ActiveCfg = Debug|Any CPU
		{66F39ECF-8D5D-4926-9866-85D349808A6C}.Debug|ARM.Build.0 = Debug|Any CPU
		{66F39ECF-8D5D-4926-9866-85D349808A6C}.Debug|ARM.Deploy.0 = Debug|Any CPU
		{66F39ECF-8D5D-4926-9866-85D349808A6C}.Debug|iPhone.ActiveCfg = Debug|Any CPU
		{66F39ECF-8D5D-4926-9866-85D349808A6C}.Debug|iPhone.Build.0 = Debug|Any CPU
		{66F39ECF-8D5D-4926-9866-85D349808A6C}.Debug|iPhone.Deploy.0 = Debug|Any CPU
		{66F39ECF-8D5D-4926-9866-85D349808A6C}.Debug|iPhoneSimulator.ActiveCfg = Debug|Any CPU
		{66F39ECF-8D5D-4926-9866-85D349808A6C}.Debug|iPhoneSimulator.Build.0 = Debug|Any CPU
		{66F39ECF-8D5D-4926-9866-85D349808A6C}.Debug|iPhoneSimulator.Deploy.0 = Debug|Any CPU
		{66F39ECF-8D5D-4926-9866-85D349808A6C}.Debug|x64.ActiveCfg = Debug|Any CPU
		{66F39ECF-8D5D-4926-9866-85D349808A6C}.Debug|x64.Build.0 = Debug|Any CPU
		{66F39ECF-8D5D-4926-9866-85D349808A6C}.Debug|x64.Deploy.0 = Debug|Any CPU
		{66F39ECF-8D5D-4926-9866-85D349808A6C}.Debug|x86.ActiveCfg = Debug|Any CPU
		{66F39ECF-8D5D-4926-9866-85D349808A6C}.Debug|x86.Build.0 = Debug|Any CPU
		{66F39ECF-8D5D-4926-9866-85D349808A6C}.Debug|x86.Deploy.0 = Debug|Any CPU
		{66F39ECF-8D5D-4926-9866-85D349808A6C}.Release|Any CPU.ActiveCfg = Release|Any CPU
		{66F39ECF-8D5D-4926-9866-85D349808A6C}.Release|Any CPU.Build.0 = Release|Any CPU
		{66F39ECF-8D5D-4926-9866-85D349808A6C}.Release|Any CPU.Deploy.0 = Release|Any CPU
		{66F39ECF-8D5D-4926-9866-85D349808A6C}.Release|ARM.ActiveCfg = Release|Any CPU
		{66F39ECF-8D5D-4926-9866-85D349808A6C}.Release|ARM.Build.0 = Release|Any CPU
		{66F39ECF-8D5D-4926-9866-85D349808A6C}.Release|ARM.Deploy.0 = Release|Any CPU
		{66F39ECF-8D5D-4926-9866-85D349808A6C}.Release|iPhone.ActiveCfg = Release|Any CPU
		{66F39ECF-8D5D-4926-9866-85D349808A6C}.Release|iPhone.Build.0 = Release|Any CPU
		{66F39ECF-8D5D-4926-9866-85D349808A6C}.Release|iPhone.Deploy.0 = Release|Any CPU
		{66F39ECF-8D5D-4926-9866-85D349808A6C}.Release|iPhoneSimulator.ActiveCfg = Release|Any CPU
		{66F39ECF-8D5D-4926-9866-85D349808A6C}.Release|iPhoneSimulator.Build.0 = Release|Any CPU
		{66F39ECF-8D5D-4926-9866-85D349808A6C}.Release|iPhoneSimulator.Deploy.0 = Release|Any CPU
		{66F39ECF-8D5D-4926-9866-85D349808A6C}.Release|x64.ActiveCfg = Release|Any CPU
		{66F39ECF-8D5D-4926-9866-85D349808A6C}.Release|x64.Build.0 = Release|Any CPU
		{66F39ECF-8D5D-4926-9866-85D349808A6C}.Release|x64.Deploy.0 = Release|Any CPU
		{66F39ECF-8D5D-4926-9866-85D349808A6C}.Release|x86.ActiveCfg = Release|Any CPU
		{66F39ECF-8D5D-4926-9866-85D349808A6C}.Release|x86.Build.0 = Release|Any CPU
		{66F39ECF-8D5D-4926-9866-85D349808A6C}.Release|x86.Deploy.0 = Release|Any CPU
		{8E8B06E4-6EF2-4799-B042-FDD82E635FA5}.Ad-Hoc|Any CPU.ActiveCfg = Ad-Hoc|iPhone
		{8E8B06E4-6EF2-4799-B042-FDD82E635FA5}.Ad-Hoc|ARM.ActiveCfg = Ad-Hoc|iPhone
		{8E8B06E4-6EF2-4799-B042-FDD82E635FA5}.Ad-Hoc|iPhone.ActiveCfg = Ad-Hoc|iPhone
		{8E8B06E4-6EF2-4799-B042-FDD82E635FA5}.Ad-Hoc|iPhone.Build.0 = Ad-Hoc|iPhone
		{8E8B06E4-6EF2-4799-B042-FDD82E635FA5}.Ad-Hoc|iPhoneSimulator.ActiveCfg = Ad-Hoc|iPhoneSimulator
		{8E8B06E4-6EF2-4799-B042-FDD82E635FA5}.Ad-Hoc|iPhoneSimulator.Build.0 = Ad-Hoc|iPhoneSimulator
		{8E8B06E4-6EF2-4799-B042-FDD82E635FA5}.Ad-Hoc|x64.ActiveCfg = Ad-Hoc|iPhone
		{8E8B06E4-6EF2-4799-B042-FDD82E635FA5}.Ad-Hoc|x86.ActiveCfg = Ad-Hoc|iPhone
		{8E8B06E4-6EF2-4799-B042-FDD82E635FA5}.AppStore|Any CPU.ActiveCfg = AppStore|iPhone
		{8E8B06E4-6EF2-4799-B042-FDD82E635FA5}.AppStore|ARM.ActiveCfg = AppStore|iPhone
		{8E8B06E4-6EF2-4799-B042-FDD82E635FA5}.AppStore|iPhone.ActiveCfg = AppStore|iPhone
		{8E8B06E4-6EF2-4799-B042-FDD82E635FA5}.AppStore|iPhone.Build.0 = AppStore|iPhone
		{8E8B06E4-6EF2-4799-B042-FDD82E635FA5}.AppStore|iPhoneSimulator.ActiveCfg = AppStore|iPhoneSimulator
		{8E8B06E4-6EF2-4799-B042-FDD82E635FA5}.AppStore|iPhoneSimulator.Build.0 = AppStore|iPhoneSimulator
		{8E8B06E4-6EF2-4799-B042-FDD82E635FA5}.AppStore|x64.ActiveCfg = AppStore|iPhone
		{8E8B06E4-6EF2-4799-B042-FDD82E635FA5}.AppStore|x86.ActiveCfg = AppStore|iPhone
		{8E8B06E4-6EF2-4799-B042-FDD82E635FA5}.Debug|Any CPU.ActiveCfg = Debug|iPhone
		{8E8B06E4-6EF2-4799-B042-FDD82E635FA5}.Debug|ARM.ActiveCfg = Debug|iPhone
		{8E8B06E4-6EF2-4799-B042-FDD82E635FA5}.Debug|iPhone.ActiveCfg = Debug|iPhone
		{8E8B06E4-6EF2-4799-B042-FDD82E635FA5}.Debug|iPhone.Build.0 = Debug|iPhone
		{8E8B06E4-6EF2-4799-B042-FDD82E635FA5}.Debug|iPhoneSimulator.ActiveCfg = Debug|iPhoneSimulator
		{8E8B06E4-6EF2-4799-B042-FDD82E635FA5}.Debug|iPhoneSimulator.Build.0 = Debug|iPhoneSimulator
		{8E8B06E4-6EF2-4799-B042-FDD82E635FA5}.Debug|x64.ActiveCfg = Debug|iPhone
		{8E8B06E4-6EF2-4799-B042-FDD82E635FA5}.Debug|x86.ActiveCfg = Debug|iPhone
		{8E8B06E4-6EF2-4799-B042-FDD82E635FA5}.Release|Any CPU.ActiveCfg = Release|iPhone
		{8E8B06E4-6EF2-4799-B042-FDD82E635FA5}.Release|ARM.ActiveCfg = Release|iPhone
		{8E8B06E4-6EF2-4799-B042-FDD82E635FA5}.Release|iPhone.ActiveCfg = Release|iPhone
		{8E8B06E4-6EF2-4799-B042-FDD82E635FA5}.Release|iPhone.Build.0 = Release|iPhone
		{8E8B06E4-6EF2-4799-B042-FDD82E635FA5}.Release|iPhoneSimulator.ActiveCfg = Release|iPhoneSimulator
		{8E8B06E4-6EF2-4799-B042-FDD82E635FA5}.Release|iPhoneSimulator.Build.0 = Release|iPhoneSimulator
		{8E8B06E4-6EF2-4799-B042-FDD82E635FA5}.Release|x64.ActiveCfg = Release|iPhone
		{8E8B06E4-6EF2-4799-B042-FDD82E635FA5}.Release|x86.ActiveCfg = Release|iPhone
		{83B0CFB7-C231-48A9-8BF7-57D891AE2477}.Ad-Hoc|Any CPU.ActiveCfg = Release|x86
		{83B0CFB7-C231-48A9-8BF7-57D891AE2477}.Ad-Hoc|Any CPU.Build.0 = Release|x86
		{83B0CFB7-C231-48A9-8BF7-57D891AE2477}.Ad-Hoc|Any CPU.Deploy.0 = Release|x86
		{83B0CFB7-C231-48A9-8BF7-57D891AE2477}.Ad-Hoc|ARM.ActiveCfg = Release|ARM
		{83B0CFB7-C231-48A9-8BF7-57D891AE2477}.Ad-Hoc|ARM.Build.0 = Release|ARM
		{83B0CFB7-C231-48A9-8BF7-57D891AE2477}.Ad-Hoc|ARM.Deploy.0 = Release|ARM
		{83B0CFB7-C231-48A9-8BF7-57D891AE2477}.Ad-Hoc|iPhone.ActiveCfg = Release|x86
		{83B0CFB7-C231-48A9-8BF7-57D891AE2477}.Ad-Hoc|iPhone.Build.0 = Release|x86
		{83B0CFB7-C231-48A9-8BF7-57D891AE2477}.Ad-Hoc|iPhone.Deploy.0 = Release|x86
		{83B0CFB7-C231-48A9-8BF7-57D891AE2477}.Ad-Hoc|iPhoneSimulator.ActiveCfg = Release|x86
		{83B0CFB7-C231-48A9-8BF7-57D891AE2477}.Ad-Hoc|iPhoneSimulator.Build.0 = Release|x86
		{83B0CFB7-C231-48A9-8BF7-57D891AE2477}.Ad-Hoc|iPhoneSimulator.Deploy.0 = Release|x86
		{83B0CFB7-C231-48A9-8BF7-57D891AE2477}.Ad-Hoc|x64.ActiveCfg = Release|x64
		{83B0CFB7-C231-48A9-8BF7-57D891AE2477}.Ad-Hoc|x64.Build.0 = Release|x64
		{83B0CFB7-C231-48A9-8BF7-57D891AE2477}.Ad-Hoc|x64.Deploy.0 = Release|x64
		{83B0CFB7-C231-48A9-8BF7-57D891AE2477}.Ad-Hoc|x86.ActiveCfg = Release|x86
		{83B0CFB7-C231-48A9-8BF7-57D891AE2477}.Ad-Hoc|x86.Build.0 = Release|x86
		{83B0CFB7-C231-48A9-8BF7-57D891AE2477}.Ad-Hoc|x86.Deploy.0 = Release|x86
		{83B0CFB7-C231-48A9-8BF7-57D891AE2477}.AppStore|Any CPU.ActiveCfg = Release|x86
		{83B0CFB7-C231-48A9-8BF7-57D891AE2477}.AppStore|Any CPU.Build.0 = Release|x86
		{83B0CFB7-C231-48A9-8BF7-57D891AE2477}.AppStore|Any CPU.Deploy.0 = Release|x86
		{83B0CFB7-C231-48A9-8BF7-57D891AE2477}.AppStore|ARM.ActiveCfg = Release|ARM
		{83B0CFB7-C231-48A9-8BF7-57D891AE2477}.AppStore|ARM.Build.0 = Release|ARM
		{83B0CFB7-C231-48A9-8BF7-57D891AE2477}.AppStore|ARM.Deploy.0 = Release|ARM
		{83B0CFB7-C231-48A9-8BF7-57D891AE2477}.AppStore|iPhone.ActiveCfg = Release|x86
		{83B0CFB7-C231-48A9-8BF7-57D891AE2477}.AppStore|iPhone.Build.0 = Release|x86
		{83B0CFB7-C231-48A9-8BF7-57D891AE2477}.AppStore|iPhone.Deploy.0 = Release|x86
		{83B0CFB7-C231-48A9-8BF7-57D891AE2477}.AppStore|iPhoneSimulator.ActiveCfg = Release|x86
		{83B0CFB7-C231-48A9-8BF7-57D891AE2477}.AppStore|iPhoneSimulator.Build.0 = Release|x86
		{83B0CFB7-C231-48A9-8BF7-57D891AE2477}.AppStore|iPhoneSimulator.Deploy.0 = Release|x86
		{83B0CFB7-C231-48A9-8BF7-57D891AE2477}.AppStore|x64.ActiveCfg = Release|x64
		{83B0CFB7-C231-48A9-8BF7-57D891AE2477}.AppStore|x64.Build.0 = Release|x64
		{83B0CFB7-C231-48A9-8BF7-57D891AE2477}.AppStore|x64.Deploy.0 = Release|x64
		{83B0CFB7-C231-48A9-8BF7-57D891AE2477}.AppStore|x86.ActiveCfg = Release|x86
		{83B0CFB7-C231-48A9-8BF7-57D891AE2477}.AppStore|x86.Build.0 = Release|x86
		{83B0CFB7-C231-48A9-8BF7-57D891AE2477}.AppStore|x86.Deploy.0 = Release|x86
		{83B0CFB7-C231-48A9-8BF7-57D891AE2477}.Debug|Any CPU.ActiveCfg = Debug|x86
		{83B0CFB7-C231-48A9-8BF7-57D891AE2477}.Debug|ARM.ActiveCfg = Debug|ARM
		{83B0CFB7-C231-48A9-8BF7-57D891AE2477}.Debug|ARM.Build.0 = Debug|ARM
		{83B0CFB7-C231-48A9-8BF7-57D891AE2477}.Debug|ARM.Deploy.0 = Debug|ARM
		{83B0CFB7-C231-48A9-8BF7-57D891AE2477}.Debug|iPhone.ActiveCfg = Debug|x86
		{83B0CFB7-C231-48A9-8BF7-57D891AE2477}.Debug|iPhoneSimulator.ActiveCfg = Debug|x86
		{83B0CFB7-C231-48A9-8BF7-57D891AE2477}.Debug|x64.ActiveCfg = Debug|x64
		{83B0CFB7-C231-48A9-8BF7-57D891AE2477}.Debug|x64.Build.0 = Debug|x64
		{83B0CFB7-C231-48A9-8BF7-57D891AE2477}.Debug|x64.Deploy.0 = Debug|x64
		{83B0CFB7-C231-48A9-8BF7-57D891AE2477}.Debug|x86.ActiveCfg = Debug|x86
		{83B0CFB7-C231-48A9-8BF7-57D891AE2477}.Debug|x86.Build.0 = Debug|x86
		{83B0CFB7-C231-48A9-8BF7-57D891AE2477}.Debug|x86.Deploy.0 = Debug|x86
		{83B0CFB7-C231-48A9-8BF7-57D891AE2477}.Release|Any CPU.ActiveCfg = Release|x86
		{83B0CFB7-C231-48A9-8BF7-57D891AE2477}.Release|ARM.ActiveCfg = Release|ARM
		{83B0CFB7-C231-48A9-8BF7-57D891AE2477}.Release|ARM.Build.0 = Release|ARM
		{83B0CFB7-C231-48A9-8BF7-57D891AE2477}.Release|ARM.Deploy.0 = Release|ARM
		{83B0CFB7-C231-48A9-8BF7-57D891AE2477}.Release|iPhone.ActiveCfg = Release|x86
		{83B0CFB7-C231-48A9-8BF7-57D891AE2477}.Release|iPhoneSimulator.ActiveCfg = Release|x86
		{83B0CFB7-C231-48A9-8BF7-57D891AE2477}.Release|x64.ActiveCfg = Release|x64
		{83B0CFB7-C231-48A9-8BF7-57D891AE2477}.Release|x64.Build.0 = Release|x64
		{83B0CFB7-C231-48A9-8BF7-57D891AE2477}.Release|x64.Deploy.0 = Release|x64
		{83B0CFB7-C231-48A9-8BF7-57D891AE2477}.Release|x86.ActiveCfg = Release|x86
		{83B0CFB7-C231-48A9-8BF7-57D891AE2477}.Release|x86.Build.0 = Release|x86
		{83B0CFB7-C231-48A9-8BF7-57D891AE2477}.Release|x86.Deploy.0 = Release|x86
		{6F07F77F-AA28-4ADD-B0F8-A3CB67DA21FE}.Ad-Hoc|Any CPU.ActiveCfg = Debug|Any CPU
		{6F07F77F-AA28-4ADD-B0F8-A3CB67DA21FE}.Ad-Hoc|Any CPU.Build.0 = Debug|Any CPU
		{6F07F77F-AA28-4ADD-B0F8-A3CB67DA21FE}.Ad-Hoc|ARM.ActiveCfg = Debug|Any CPU
		{6F07F77F-AA28-4ADD-B0F8-A3CB67DA21FE}.Ad-Hoc|ARM.Build.0 = Debug|Any CPU
		{6F07F77F-AA28-4ADD-B0F8-A3CB67DA21FE}.Ad-Hoc|iPhone.ActiveCfg = Debug|Any CPU
		{6F07F77F-AA28-4ADD-B0F8-A3CB67DA21FE}.Ad-Hoc|iPhone.Build.0 = Debug|Any CPU
		{6F07F77F-AA28-4ADD-B0F8-A3CB67DA21FE}.Ad-Hoc|iPhoneSimulator.ActiveCfg = Debug|Any CPU
		{6F07F77F-AA28-4ADD-B0F8-A3CB67DA21FE}.Ad-Hoc|iPhoneSimulator.Build.0 = Debug|Any CPU
		{6F07F77F-AA28-4ADD-B0F8-A3CB67DA21FE}.Ad-Hoc|x64.ActiveCfg = Debug|Any CPU
		{6F07F77F-AA28-4ADD-B0F8-A3CB67DA21FE}.Ad-Hoc|x64.Build.0 = Debug|Any CPU
		{6F07F77F-AA28-4ADD-B0F8-A3CB67DA21FE}.Ad-Hoc|x86.ActiveCfg = Debug|Any CPU
		{6F07F77F-AA28-4ADD-B0F8-A3CB67DA21FE}.Ad-Hoc|x86.Build.0 = Debug|Any CPU
		{6F07F77F-AA28-4ADD-B0F8-A3CB67DA21FE}.AppStore|Any CPU.ActiveCfg = Debug|Any CPU
		{6F07F77F-AA28-4ADD-B0F8-A3CB67DA21FE}.AppStore|Any CPU.Build.0 = Debug|Any CPU
		{6F07F77F-AA28-4ADD-B0F8-A3CB67DA21FE}.AppStore|ARM.ActiveCfg = Debug|Any CPU
		{6F07F77F-AA28-4ADD-B0F8-A3CB67DA21FE}.AppStore|ARM.Build.0 = Debug|Any CPU
		{6F07F77F-AA28-4ADD-B0F8-A3CB67DA21FE}.AppStore|iPhone.ActiveCfg = Debug|Any CPU
		{6F07F77F-AA28-4ADD-B0F8-A3CB67DA21FE}.AppStore|iPhone.Build.0 = Debug|Any CPU
		{6F07F77F-AA28-4ADD-B0F8-A3CB67DA21FE}.AppStore|iPhoneSimulator.ActiveCfg = Debug|Any CPU
		{6F07F77F-AA28-4ADD-B0F8-A3CB67DA21FE}.AppStore|iPhoneSimulator.Build.0 = Debug|Any CPU
		{6F07F77F-AA28-4ADD-B0F8-A3CB67DA21FE}.AppStore|x64.ActiveCfg = Debug|Any CPU
		{6F07F77F-AA28-4ADD-B0F8-A3CB67DA21FE}.AppStore|x64.Build.0 = Debug|Any CPU
		{6F07F77F-AA28-4ADD-B0F8-A3CB67DA21FE}.AppStore|x86.ActiveCfg = Debug|Any CPU
		{6F07F77F-AA28-4ADD-B0F8-A3CB67DA21FE}.AppStore|x86.Build.0 = Debug|Any CPU
		{6F07F77F-AA28-4ADD-B0F8-A3CB67DA21FE}.Debug|Any CPU.ActiveCfg = Debug|Any CPU
		{6F07F77F-AA28-4ADD-B0F8-A3CB67DA21FE}.Debug|Any CPU.Build.0 = Debug|Any CPU
		{6F07F77F-AA28-4ADD-B0F8-A3CB67DA21FE}.Debug|ARM.ActiveCfg = Debug|Any CPU
		{6F07F77F-AA28-4ADD-B0F8-A3CB67DA21FE}.Debug|ARM.Build.0 = Debug|Any CPU
		{6F07F77F-AA28-4ADD-B0F8-A3CB67DA21FE}.Debug|iPhone.ActiveCfg = Debug|Any CPU
		{6F07F77F-AA28-4ADD-B0F8-A3CB67DA21FE}.Debug|iPhone.Build.0 = Debug|Any CPU
		{6F07F77F-AA28-4ADD-B0F8-A3CB67DA21FE}.Debug|iPhoneSimulator.ActiveCfg = Debug|Any CPU
		{6F07F77F-AA28-4ADD-B0F8-A3CB67DA21FE}.Debug|iPhoneSimulator.Build.0 = Debug|Any CPU
		{6F07F77F-AA28-4ADD-B0F8-A3CB67DA21FE}.Debug|x64.ActiveCfg = Debug|Any CPU
		{6F07F77F-AA28-4ADD-B0F8-A3CB67DA21FE}.Debug|x64.Build.0 = Debug|Any CPU
		{6F07F77F-AA28-4ADD-B0F8-A3CB67DA21FE}.Debug|x86.ActiveCfg = Debug|Any CPU
		{6F07F77F-AA28-4ADD-B0F8-A3CB67DA21FE}.Debug|x86.Build.0 = Debug|Any CPU
		{6F07F77F-AA28-4ADD-B0F8-A3CB67DA21FE}.Release|Any CPU.ActiveCfg = Release|Any CPU
		{6F07F77F-AA28-4ADD-B0F8-A3CB67DA21FE}.Release|Any CPU.Build.0 = Release|Any CPU
		{6F07F77F-AA28-4ADD-B0F8-A3CB67DA21FE}.Release|ARM.ActiveCfg = Release|Any CPU
		{6F07F77F-AA28-4ADD-B0F8-A3CB67DA21FE}.Release|ARM.Build.0 = Release|Any CPU
		{6F07F77F-AA28-4ADD-B0F8-A3CB67DA21FE}.Release|iPhone.ActiveCfg = Release|Any CPU
		{6F07F77F-AA28-4ADD-B0F8-A3CB67DA21FE}.Release|iPhone.Build.0 = Release|Any CPU
		{6F07F77F-AA28-4ADD-B0F8-A3CB67DA21FE}.Release|iPhoneSimulator.ActiveCfg = Release|Any CPU
		{6F07F77F-AA28-4ADD-B0F8-A3CB67DA21FE}.Release|iPhoneSimulator.Build.0 = Release|Any CPU
		{6F07F77F-AA28-4ADD-B0F8-A3CB67DA21FE}.Release|x64.ActiveCfg = Release|Any CPU
		{6F07F77F-AA28-4ADD-B0F8-A3CB67DA21FE}.Release|x64.Build.0 = Release|Any CPU
		{6F07F77F-AA28-4ADD-B0F8-A3CB67DA21FE}.Release|x86.ActiveCfg = Release|Any CPU
		{6F07F77F-AA28-4ADD-B0F8-A3CB67DA21FE}.Release|x86.Build.0 = Release|Any CPU
		{D0D6010C-D1F5-49A4-8A9D-45043328E215}.Ad-Hoc|Any CPU.ActiveCfg = Release|Any CPU
		{D0D6010C-D1F5-49A4-8A9D-45043328E215}.Ad-Hoc|Any CPU.Build.0 = Release|Any CPU
		{D0D6010C-D1F5-49A4-8A9D-45043328E215}.Ad-Hoc|ARM.ActiveCfg = Release|Any CPU
		{D0D6010C-D1F5-49A4-8A9D-45043328E215}.Ad-Hoc|ARM.Build.0 = Release|Any CPU
		{D0D6010C-D1F5-49A4-8A9D-45043328E215}.Ad-Hoc|iPhone.ActiveCfg = Release|Any CPU
		{D0D6010C-D1F5-49A4-8A9D-45043328E215}.Ad-Hoc|iPhone.Build.0 = Release|Any CPU
		{D0D6010C-D1F5-49A4-8A9D-45043328E215}.Ad-Hoc|iPhoneSimulator.ActiveCfg = Release|Any CPU
		{D0D6010C-D1F5-49A4-8A9D-45043328E215}.Ad-Hoc|iPhoneSimulator.Build.0 = Release|Any CPU
		{D0D6010C-D1F5-49A4-8A9D-45043328E215}.Ad-Hoc|x64.ActiveCfg = Release|Any CPU
		{D0D6010C-D1F5-49A4-8A9D-45043328E215}.Ad-Hoc|x64.Build.0 = Release|Any CPU
		{D0D6010C-D1F5-49A4-8A9D-45043328E215}.Ad-Hoc|x86.ActiveCfg = Release|Any CPU
		{D0D6010C-D1F5-49A4-8A9D-45043328E215}.Ad-Hoc|x86.Build.0 = Release|Any CPU
		{D0D6010C-D1F5-49A4-8A9D-45043328E215}.AppStore|Any CPU.ActiveCfg = Release|Any CPU
		{D0D6010C-D1F5-49A4-8A9D-45043328E215}.AppStore|Any CPU.Build.0 = Release|Any CPU
		{D0D6010C-D1F5-49A4-8A9D-45043328E215}.AppStore|ARM.ActiveCfg = Release|Any CPU
		{D0D6010C-D1F5-49A4-8A9D-45043328E215}.AppStore|ARM.Build.0 = Release|Any CPU
		{D0D6010C-D1F5-49A4-8A9D-45043328E215}.AppStore|iPhone.ActiveCfg = Release|Any CPU
		{D0D6010C-D1F5-49A4-8A9D-45043328E215}.AppStore|iPhone.Build.0 = Release|Any CPU
		{D0D6010C-D1F5-49A4-8A9D-45043328E215}.AppStore|iPhoneSimulator.ActiveCfg = Release|Any CPU
		{D0D6010C-D1F5-49A4-8A9D-45043328E215}.AppStore|iPhoneSimulator.Build.0 = Release|Any CPU
		{D0D6010C-D1F5-49A4-8A9D-45043328E215}.AppStore|x64.ActiveCfg = Release|Any CPU
		{D0D6010C-D1F5-49A4-8A9D-45043328E215}.AppStore|x64.Build.0 = Release|Any CPU
		{D0D6010C-D1F5-49A4-8A9D-45043328E215}.AppStore|x86.ActiveCfg = Release|Any CPU
		{D0D6010C-D1F5-49A4-8A9D-45043328E215}.AppStore|x86.Build.0 = Release|Any CPU
		{D0D6010C-D1F5-49A4-8A9D-45043328E215}.Debug|Any CPU.ActiveCfg = Debug|Any CPU
		{D0D6010C-D1F5-49A4-8A9D-45043328E215}.Debug|Any CPU.Build.0 = Debug|Any CPU
		{D0D6010C-D1F5-49A4-8A9D-45043328E215}.Debug|ARM.ActiveCfg = Debug|Any CPU
		{D0D6010C-D1F5-49A4-8A9D-45043328E215}.Debug|ARM.Build.0 = Debug|Any CPU
		{D0D6010C-D1F5-49A4-8A9D-45043328E215}.Debug|iPhone.ActiveCfg = Debug|Any CPU
		{D0D6010C-D1F5-49A4-8A9D-45043328E215}.Debug|iPhone.Build.0 = Debug|Any CPU
		{D0D6010C-D1F5-49A4-8A9D-45043328E215}.Debug|iPhoneSimulator.ActiveCfg = Debug|Any CPU
		{D0D6010C-D1F5-49A4-8A9D-45043328E215}.Debug|iPhoneSimulator.Build.0 = Debug|Any CPU
		{D0D6010C-D1F5-49A4-8A9D-45043328E215}.Debug|x64.ActiveCfg = Debug|Any CPU
		{D0D6010C-D1F5-49A4-8A9D-45043328E215}.Debug|x64.Build.0 = Debug|Any CPU
		{D0D6010C-D1F5-49A4-8A9D-45043328E215}.Debug|x86.ActiveCfg = Debug|Any CPU
		{D0D6010C-D1F5-49A4-8A9D-45043328E215}.Debug|x86.Build.0 = Debug|Any CPU
		{D0D6010C-D1F5-49A4-8A9D-45043328E215}.Release|Any CPU.ActiveCfg = Release|Any CPU
		{D0D6010C-D1F5-49A4-8A9D-45043328E215}.Release|Any CPU.Build.0 = Release|Any CPU
		{D0D6010C-D1F5-49A4-8A9D-45043328E215}.Release|ARM.ActiveCfg = Release|Any CPU
		{D0D6010C-D1F5-49A4-8A9D-45043328E215}.Release|ARM.Build.0 = Release|Any CPU
		{D0D6010C-D1F5-49A4-8A9D-45043328E215}.Release|iPhone.ActiveCfg = Release|Any CPU
		{D0D6010C-D1F5-49A4-8A9D-45043328E215}.Release|iPhone.Build.0 = Release|Any CPU
		{D0D6010C-D1F5-49A4-8A9D-45043328E215}.Release|iPhoneSimulator.ActiveCfg = Release|Any CPU
		{D0D6010C-D1F5-49A4-8A9D-45043328E215}.Release|iPhoneSimulator.Build.0 = Release|Any CPU
		{D0D6010C-D1F5-49A4-8A9D-45043328E215}.Release|x64.ActiveCfg = Release|Any CPU
		{D0D6010C-D1F5-49A4-8A9D-45043328E215}.Release|x64.Build.0 = Release|Any CPU
		{D0D6010C-D1F5-49A4-8A9D-45043328E215}.Release|x86.ActiveCfg = Release|Any CPU
		{D0D6010C-D1F5-49A4-8A9D-45043328E215}.Release|x86.Build.0 = Release|Any CPU
		{6B7AD07E-4490-4137-B854-6F99F591EFCB}.Ad-Hoc|Any CPU.ActiveCfg = Release|Any CPU
		{6B7AD07E-4490-4137-B854-6F99F591EFCB}.Ad-Hoc|Any CPU.Build.0 = Release|Any CPU
		{6B7AD07E-4490-4137-B854-6F99F591EFCB}.Ad-Hoc|ARM.ActiveCfg = Release|Any CPU
		{6B7AD07E-4490-4137-B854-6F99F591EFCB}.Ad-Hoc|ARM.Build.0 = Release|Any CPU
		{6B7AD07E-4490-4137-B854-6F99F591EFCB}.Ad-Hoc|iPhone.ActiveCfg = Release|Any CPU
		{6B7AD07E-4490-4137-B854-6F99F591EFCB}.Ad-Hoc|iPhone.Build.0 = Release|Any CPU
		{6B7AD07E-4490-4137-B854-6F99F591EFCB}.Ad-Hoc|iPhoneSimulator.ActiveCfg = Release|Any CPU
		{6B7AD07E-4490-4137-B854-6F99F591EFCB}.Ad-Hoc|iPhoneSimulator.Build.0 = Release|Any CPU
		{6B7AD07E-4490-4137-B854-6F99F591EFCB}.Ad-Hoc|x64.ActiveCfg = Release|Any CPU
		{6B7AD07E-4490-4137-B854-6F99F591EFCB}.Ad-Hoc|x64.Build.0 = Release|Any CPU
		{6B7AD07E-4490-4137-B854-6F99F591EFCB}.Ad-Hoc|x86.ActiveCfg = Release|Any CPU
		{6B7AD07E-4490-4137-B854-6F99F591EFCB}.Ad-Hoc|x86.Build.0 = Release|Any CPU
		{6B7AD07E-4490-4137-B854-6F99F591EFCB}.AppStore|Any CPU.ActiveCfg = Release|Any CPU
		{6B7AD07E-4490-4137-B854-6F99F591EFCB}.AppStore|Any CPU.Build.0 = Release|Any CPU
		{6B7AD07E-4490-4137-B854-6F99F591EFCB}.AppStore|ARM.ActiveCfg = Release|Any CPU
		{6B7AD07E-4490-4137-B854-6F99F591EFCB}.AppStore|ARM.Build.0 = Release|Any CPU
		{6B7AD07E-4490-4137-B854-6F99F591EFCB}.AppStore|iPhone.ActiveCfg = Release|Any CPU
		{6B7AD07E-4490-4137-B854-6F99F591EFCB}.AppStore|iPhone.Build.0 = Release|Any CPU
		{6B7AD07E-4490-4137-B854-6F99F591EFCB}.AppStore|iPhoneSimulator.ActiveCfg = Release|Any CPU
		{6B7AD07E-4490-4137-B854-6F99F591EFCB}.AppStore|iPhoneSimulator.Build.0 = Release|Any CPU
		{6B7AD07E-4490-4137-B854-6F99F591EFCB}.AppStore|x64.ActiveCfg = Release|Any CPU
		{6B7AD07E-4490-4137-B854-6F99F591EFCB}.AppStore|x64.Build.0 = Release|Any CPU
		{6B7AD07E-4490-4137-B854-6F99F591EFCB}.AppStore|x86.ActiveCfg = Release|Any CPU
		{6B7AD07E-4490-4137-B854-6F99F591EFCB}.AppStore|x86.Build.0 = Release|Any CPU
		{6B7AD07E-4490-4137-B854-6F99F591EFCB}.Debug|Any CPU.ActiveCfg = Debug|Any CPU
		{6B7AD07E-4490-4137-B854-6F99F591EFCB}.Debug|Any CPU.Build.0 = Debug|Any CPU
		{6B7AD07E-4490-4137-B854-6F99F591EFCB}.Debug|ARM.ActiveCfg = Debug|Any CPU
		{6B7AD07E-4490-4137-B854-6F99F591EFCB}.Debug|ARM.Build.0 = Debug|Any CPU
		{6B7AD07E-4490-4137-B854-6F99F591EFCB}.Debug|iPhone.ActiveCfg = Debug|Any CPU
		{6B7AD07E-4490-4137-B854-6F99F591EFCB}.Debug|iPhone.Build.0 = Debug|Any CPU
		{6B7AD07E-4490-4137-B854-6F99F591EFCB}.Debug|iPhoneSimulator.ActiveCfg = Debug|Any CPU
		{6B7AD07E-4490-4137-B854-6F99F591EFCB}.Debug|iPhoneSimulator.Build.0 = Debug|Any CPU
		{6B7AD07E-4490-4137-B854-6F99F591EFCB}.Debug|x64.ActiveCfg = Debug|Any CPU
		{6B7AD07E-4490-4137-B854-6F99F591EFCB}.Debug|x64.Build.0 = Debug|Any CPU
		{6B7AD07E-4490-4137-B854-6F99F591EFCB}.Debug|x86.ActiveCfg = Debug|Any CPU
		{6B7AD07E-4490-4137-B854-6F99F591EFCB}.Debug|x86.Build.0 = Debug|Any CPU
		{6B7AD07E-4490-4137-B854-6F99F591EFCB}.Release|Any CPU.ActiveCfg = Release|Any CPU
		{6B7AD07E-4490-4137-B854-6F99F591EFCB}.Release|Any CPU.Build.0 = Release|Any CPU
		{6B7AD07E-4490-4137-B854-6F99F591EFCB}.Release|ARM.ActiveCfg = Release|Any CPU
		{6B7AD07E-4490-4137-B854-6F99F591EFCB}.Release|ARM.Build.0 = Release|Any CPU
		{6B7AD07E-4490-4137-B854-6F99F591EFCB}.Release|iPhone.ActiveCfg = Release|Any CPU
		{6B7AD07E-4490-4137-B854-6F99F591EFCB}.Release|iPhone.Build.0 = Release|Any CPU
		{6B7AD07E-4490-4137-B854-6F99F591EFCB}.Release|iPhoneSimulator.ActiveCfg = Release|Any CPU
		{6B7AD07E-4490-4137-B854-6F99F591EFCB}.Release|iPhoneSimulator.Build.0 = Release|Any CPU
		{6B7AD07E-4490-4137-B854-6F99F591EFCB}.Release|x64.ActiveCfg = Release|Any CPU
		{6B7AD07E-4490-4137-B854-6F99F591EFCB}.Release|x64.Build.0 = Release|Any CPU
		{6B7AD07E-4490-4137-B854-6F99F591EFCB}.Release|x86.ActiveCfg = Release|Any CPU
		{6B7AD07E-4490-4137-B854-6F99F591EFCB}.Release|x86.Build.0 = Release|Any CPU
		{0F3B575D-3E4E-4D88-9A18-4080393562E3}.Ad-Hoc|Any CPU.ActiveCfg = Debug|Any CPU
		{0F3B575D-3E4E-4D88-9A18-4080393562E3}.Ad-Hoc|Any CPU.Build.0 = Debug|Any CPU
		{0F3B575D-3E4E-4D88-9A18-4080393562E3}.Ad-Hoc|ARM.ActiveCfg = Debug|Any CPU
		{0F3B575D-3E4E-4D88-9A18-4080393562E3}.Ad-Hoc|ARM.Build.0 = Debug|Any CPU
		{0F3B575D-3E4E-4D88-9A18-4080393562E3}.Ad-Hoc|iPhone.ActiveCfg = Debug|Any CPU
		{0F3B575D-3E4E-4D88-9A18-4080393562E3}.Ad-Hoc|iPhone.Build.0 = Debug|Any CPU
		{0F3B575D-3E4E-4D88-9A18-4080393562E3}.Ad-Hoc|iPhoneSimulator.ActiveCfg = Debug|Any CPU
		{0F3B575D-3E4E-4D88-9A18-4080393562E3}.Ad-Hoc|iPhoneSimulator.Build.0 = Debug|Any CPU
		{0F3B575D-3E4E-4D88-9A18-4080393562E3}.Ad-Hoc|x64.ActiveCfg = Debug|Any CPU
		{0F3B575D-3E4E-4D88-9A18-4080393562E3}.Ad-Hoc|x64.Build.0 = Debug|Any CPU
		{0F3B575D-3E4E-4D88-9A18-4080393562E3}.Ad-Hoc|x86.ActiveCfg = Debug|Any CPU
		{0F3B575D-3E4E-4D88-9A18-4080393562E3}.Ad-Hoc|x86.Build.0 = Debug|Any CPU
		{0F3B575D-3E4E-4D88-9A18-4080393562E3}.AppStore|Any CPU.ActiveCfg = Debug|Any CPU
		{0F3B575D-3E4E-4D88-9A18-4080393562E3}.AppStore|Any CPU.Build.0 = Debug|Any CPU
		{0F3B575D-3E4E-4D88-9A18-4080393562E3}.AppStore|ARM.ActiveCfg = Debug|Any CPU
		{0F3B575D-3E4E-4D88-9A18-4080393562E3}.AppStore|ARM.Build.0 = Debug|Any CPU
		{0F3B575D-3E4E-4D88-9A18-4080393562E3}.AppStore|iPhone.ActiveCfg = Debug|Any CPU
		{0F3B575D-3E4E-4D88-9A18-4080393562E3}.AppStore|iPhone.Build.0 = Debug|Any CPU
		{0F3B575D-3E4E-4D88-9A18-4080393562E3}.AppStore|iPhoneSimulator.ActiveCfg = Debug|Any CPU
		{0F3B575D-3E4E-4D88-9A18-4080393562E3}.AppStore|iPhoneSimulator.Build.0 = Debug|Any CPU
		{0F3B575D-3E4E-4D88-9A18-4080393562E3}.AppStore|x64.ActiveCfg = Debug|Any CPU
		{0F3B575D-3E4E-4D88-9A18-4080393562E3}.AppStore|x64.Build.0 = Debug|Any CPU
		{0F3B575D-3E4E-4D88-9A18-4080393562E3}.AppStore|x86.ActiveCfg = Debug|Any CPU
		{0F3B575D-3E4E-4D88-9A18-4080393562E3}.AppStore|x86.Build.0 = Debug|Any CPU
		{0F3B575D-3E4E-4D88-9A18-4080393562E3}.Debug|Any CPU.ActiveCfg = Debug|Any CPU
		{0F3B575D-3E4E-4D88-9A18-4080393562E3}.Debug|Any CPU.Build.0 = Debug|Any CPU
		{0F3B575D-3E4E-4D88-9A18-4080393562E3}.Debug|ARM.ActiveCfg = Debug|Any CPU
		{0F3B575D-3E4E-4D88-9A18-4080393562E3}.Debug|ARM.Build.0 = Debug|Any CPU
		{0F3B575D-3E4E-4D88-9A18-4080393562E3}.Debug|iPhone.ActiveCfg = Debug|Any CPU
		{0F3B575D-3E4E-4D88-9A18-4080393562E3}.Debug|iPhone.Build.0 = Debug|Any CPU
		{0F3B575D-3E4E-4D88-9A18-4080393562E3}.Debug|iPhoneSimulator.ActiveCfg = Debug|Any CPU
		{0F3B575D-3E4E-4D88-9A18-4080393562E3}.Debug|iPhoneSimulator.Build.0 = Debug|Any CPU
		{0F3B575D-3E4E-4D88-9A18-4080393562E3}.Debug|x64.ActiveCfg = Debug|Any CPU
		{0F3B575D-3E4E-4D88-9A18-4080393562E3}.Debug|x64.Build.0 = Debug|Any CPU
		{0F3B575D-3E4E-4D88-9A18-4080393562E3}.Debug|x86.ActiveCfg = Debug|Any CPU
		{0F3B575D-3E4E-4D88-9A18-4080393562E3}.Debug|x86.Build.0 = Debug|Any CPU
		{0F3B575D-3E4E-4D88-9A18-4080393562E3}.Release|Any CPU.ActiveCfg = Release|Any CPU
		{0F3B575D-3E4E-4D88-9A18-4080393562E3}.Release|Any CPU.Build.0 = Release|Any CPU
		{0F3B575D-3E4E-4D88-9A18-4080393562E3}.Release|ARM.ActiveCfg = Release|Any CPU
		{0F3B575D-3E4E-4D88-9A18-4080393562E3}.Release|ARM.Build.0 = Release|Any CPU
		{0F3B575D-3E4E-4D88-9A18-4080393562E3}.Release|iPhone.ActiveCfg = Release|Any CPU
		{0F3B575D-3E4E-4D88-9A18-4080393562E3}.Release|iPhone.Build.0 = Release|Any CPU
		{0F3B575D-3E4E-4D88-9A18-4080393562E3}.Release|iPhoneSimulator.ActiveCfg = Release|Any CPU
		{0F3B575D-3E4E-4D88-9A18-4080393562E3}.Release|iPhoneSimulator.Build.0 = Release|Any CPU
		{0F3B575D-3E4E-4D88-9A18-4080393562E3}.Release|x64.ActiveCfg = Release|Any CPU
		{0F3B575D-3E4E-4D88-9A18-4080393562E3}.Release|x64.Build.0 = Release|Any CPU
		{0F3B575D-3E4E-4D88-9A18-4080393562E3}.Release|x86.ActiveCfg = Release|Any CPU
		{0F3B575D-3E4E-4D88-9A18-4080393562E3}.Release|x86.Build.0 = Release|Any CPU
		{BDDEC942-AAC0-4F42-833F-7D1347177BD0}.Ad-Hoc|Any CPU.ActiveCfg = Debug|Any CPU
		{BDDEC942-AAC0-4F42-833F-7D1347177BD0}.Ad-Hoc|Any CPU.Build.0 = Debug|Any CPU
		{BDDEC942-AAC0-4F42-833F-7D1347177BD0}.Ad-Hoc|ARM.ActiveCfg = Debug|Any CPU
		{BDDEC942-AAC0-4F42-833F-7D1347177BD0}.Ad-Hoc|ARM.Build.0 = Debug|Any CPU
		{BDDEC942-AAC0-4F42-833F-7D1347177BD0}.Ad-Hoc|iPhone.ActiveCfg = Debug|Any CPU
		{BDDEC942-AAC0-4F42-833F-7D1347177BD0}.Ad-Hoc|iPhone.Build.0 = Debug|Any CPU
		{BDDEC942-AAC0-4F42-833F-7D1347177BD0}.Ad-Hoc|iPhoneSimulator.ActiveCfg = Debug|Any CPU
		{BDDEC942-AAC0-4F42-833F-7D1347177BD0}.Ad-Hoc|iPhoneSimulator.Build.0 = Debug|Any CPU
		{BDDEC942-AAC0-4F42-833F-7D1347177BD0}.Ad-Hoc|x64.ActiveCfg = Debug|Any CPU
		{BDDEC942-AAC0-4F42-833F-7D1347177BD0}.Ad-Hoc|x64.Build.0 = Debug|Any CPU
		{BDDEC942-AAC0-4F42-833F-7D1347177BD0}.Ad-Hoc|x86.ActiveCfg = Debug|Any CPU
		{BDDEC942-AAC0-4F42-833F-7D1347177BD0}.Ad-Hoc|x86.Build.0 = Debug|Any CPU
		{BDDEC942-AAC0-4F42-833F-7D1347177BD0}.AppStore|Any CPU.ActiveCfg = Debug|Any CPU
		{BDDEC942-AAC0-4F42-833F-7D1347177BD0}.AppStore|Any CPU.Build.0 = Debug|Any CPU
		{BDDEC942-AAC0-4F42-833F-7D1347177BD0}.AppStore|ARM.ActiveCfg = Debug|Any CPU
		{BDDEC942-AAC0-4F42-833F-7D1347177BD0}.AppStore|ARM.Build.0 = Debug|Any CPU
		{BDDEC942-AAC0-4F42-833F-7D1347177BD0}.AppStore|iPhone.ActiveCfg = Debug|Any CPU
		{BDDEC942-AAC0-4F42-833F-7D1347177BD0}.AppStore|iPhone.Build.0 = Debug|Any CPU
		{BDDEC942-AAC0-4F42-833F-7D1347177BD0}.AppStore|iPhoneSimulator.ActiveCfg = Debug|Any CPU
		{BDDEC942-AAC0-4F42-833F-7D1347177BD0}.AppStore|iPhoneSimulator.Build.0 = Debug|Any CPU
		{BDDEC942-AAC0-4F42-833F-7D1347177BD0}.AppStore|x64.ActiveCfg = Debug|Any CPU
		{BDDEC942-AAC0-4F42-833F-7D1347177BD0}.AppStore|x64.Build.0 = Debug|Any CPU
		{BDDEC942-AAC0-4F42-833F-7D1347177BD0}.AppStore|x86.ActiveCfg = Debug|Any CPU
		{BDDEC942-AAC0-4F42-833F-7D1347177BD0}.AppStore|x86.Build.0 = Debug|Any CPU
		{BDDEC942-AAC0-4F42-833F-7D1347177BD0}.Debug|Any CPU.ActiveCfg = Debug|Any CPU
		{BDDEC942-AAC0-4F42-833F-7D1347177BD0}.Debug|Any CPU.Build.0 = Debug|Any CPU
		{BDDEC942-AAC0-4F42-833F-7D1347177BD0}.Debug|ARM.ActiveCfg = Debug|Any CPU
		{BDDEC942-AAC0-4F42-833F-7D1347177BD0}.Debug|ARM.Build.0 = Debug|Any CPU
		{BDDEC942-AAC0-4F42-833F-7D1347177BD0}.Debug|iPhone.ActiveCfg = Debug|Any CPU
		{BDDEC942-AAC0-4F42-833F-7D1347177BD0}.Debug|iPhone.Build.0 = Debug|Any CPU
		{BDDEC942-AAC0-4F42-833F-7D1347177BD0}.Debug|iPhoneSimulator.ActiveCfg = Debug|Any CPU
		{BDDEC942-AAC0-4F42-833F-7D1347177BD0}.Debug|iPhoneSimulator.Build.0 = Debug|Any CPU
		{BDDEC942-AAC0-4F42-833F-7D1347177BD0}.Debug|x64.ActiveCfg = Debug|Any CPU
		{BDDEC942-AAC0-4F42-833F-7D1347177BD0}.Debug|x64.Build.0 = Debug|Any CPU
		{BDDEC942-AAC0-4F42-833F-7D1347177BD0}.Debug|x86.ActiveCfg = Debug|Any CPU
		{BDDEC942-AAC0-4F42-833F-7D1347177BD0}.Debug|x86.Build.0 = Debug|Any CPU
		{BDDEC942-AAC0-4F42-833F-7D1347177BD0}.Release|Any CPU.ActiveCfg = Release|Any CPU
		{BDDEC942-AAC0-4F42-833F-7D1347177BD0}.Release|Any CPU.Build.0 = Release|Any CPU
		{BDDEC942-AAC0-4F42-833F-7D1347177BD0}.Release|ARM.ActiveCfg = Release|Any CPU
		{BDDEC942-AAC0-4F42-833F-7D1347177BD0}.Release|ARM.Build.0 = Release|Any CPU
		{BDDEC942-AAC0-4F42-833F-7D1347177BD0}.Release|iPhone.ActiveCfg = Release|Any CPU
		{BDDEC942-AAC0-4F42-833F-7D1347177BD0}.Release|iPhone.Build.0 = Release|Any CPU
		{BDDEC942-AAC0-4F42-833F-7D1347177BD0}.Release|iPhoneSimulator.ActiveCfg = Release|Any CPU
		{BDDEC942-AAC0-4F42-833F-7D1347177BD0}.Release|iPhoneSimulator.Build.0 = Release|Any CPU
		{BDDEC942-AAC0-4F42-833F-7D1347177BD0}.Release|x64.ActiveCfg = Release|Any CPU
		{BDDEC942-AAC0-4F42-833F-7D1347177BD0}.Release|x64.Build.0 = Release|Any CPU
		{BDDEC942-AAC0-4F42-833F-7D1347177BD0}.Release|x86.ActiveCfg = Release|Any CPU
		{BDDEC942-AAC0-4F42-833F-7D1347177BD0}.Release|x86.Build.0 = Release|Any CPU
		{158053BA-8543-451A-900D-DAB6F3BDC5F4}.Ad-Hoc|Any CPU.ActiveCfg = Debug|Any CPU
		{158053BA-8543-451A-900D-DAB6F3BDC5F4}.Ad-Hoc|Any CPU.Build.0 = Debug|Any CPU
		{158053BA-8543-451A-900D-DAB6F3BDC5F4}.Ad-Hoc|ARM.ActiveCfg = Debug|Any CPU
		{158053BA-8543-451A-900D-DAB6F3BDC5F4}.Ad-Hoc|ARM.Build.0 = Debug|Any CPU
		{158053BA-8543-451A-900D-DAB6F3BDC5F4}.Ad-Hoc|iPhone.ActiveCfg = Debug|Any CPU
		{158053BA-8543-451A-900D-DAB6F3BDC5F4}.Ad-Hoc|iPhone.Build.0 = Debug|Any CPU
		{158053BA-8543-451A-900D-DAB6F3BDC5F4}.Ad-Hoc|iPhoneSimulator.ActiveCfg = Debug|Any CPU
		{158053BA-8543-451A-900D-DAB6F3BDC5F4}.Ad-Hoc|iPhoneSimulator.Build.0 = Debug|Any CPU
		{158053BA-8543-451A-900D-DAB6F3BDC5F4}.Ad-Hoc|x64.ActiveCfg = Debug|Any CPU
		{158053BA-8543-451A-900D-DAB6F3BDC5F4}.Ad-Hoc|x64.Build.0 = Debug|Any CPU
		{158053BA-8543-451A-900D-DAB6F3BDC5F4}.Ad-Hoc|x86.ActiveCfg = Debug|Any CPU
		{158053BA-8543-451A-900D-DAB6F3BDC5F4}.Ad-Hoc|x86.Build.0 = Debug|Any CPU
		{158053BA-8543-451A-900D-DAB6F3BDC5F4}.AppStore|Any CPU.ActiveCfg = Debug|Any CPU
		{158053BA-8543-451A-900D-DAB6F3BDC5F4}.AppStore|Any CPU.Build.0 = Debug|Any CPU
		{158053BA-8543-451A-900D-DAB6F3BDC5F4}.AppStore|ARM.ActiveCfg = Debug|Any CPU
		{158053BA-8543-451A-900D-DAB6F3BDC5F4}.AppStore|ARM.Build.0 = Debug|Any CPU
		{158053BA-8543-451A-900D-DAB6F3BDC5F4}.AppStore|iPhone.ActiveCfg = Debug|Any CPU
		{158053BA-8543-451A-900D-DAB6F3BDC5F4}.AppStore|iPhone.Build.0 = Debug|Any CPU
		{158053BA-8543-451A-900D-DAB6F3BDC5F4}.AppStore|iPhoneSimulator.ActiveCfg = Debug|Any CPU
		{158053BA-8543-451A-900D-DAB6F3BDC5F4}.AppStore|iPhoneSimulator.Build.0 = Debug|Any CPU
		{158053BA-8543-451A-900D-DAB6F3BDC5F4}.AppStore|x64.ActiveCfg = Debug|Any CPU
		{158053BA-8543-451A-900D-DAB6F3BDC5F4}.AppStore|x64.Build.0 = Debug|Any CPU
		{158053BA-8543-451A-900D-DAB6F3BDC5F4}.AppStore|x86.ActiveCfg = Debug|Any CPU
		{158053BA-8543-451A-900D-DAB6F3BDC5F4}.AppStore|x86.Build.0 = Debug|Any CPU
		{158053BA-8543-451A-900D-DAB6F3BDC5F4}.Debug|Any CPU.ActiveCfg = Debug|Any CPU
		{158053BA-8543-451A-900D-DAB6F3BDC5F4}.Debug|Any CPU.Build.0 = Debug|Any CPU
		{158053BA-8543-451A-900D-DAB6F3BDC5F4}.Debug|ARM.ActiveCfg = Debug|Any CPU
		{158053BA-8543-451A-900D-DAB6F3BDC5F4}.Debug|ARM.Build.0 = Debug|Any CPU
		{158053BA-8543-451A-900D-DAB6F3BDC5F4}.Debug|iPhone.ActiveCfg = Debug|Any CPU
		{158053BA-8543-451A-900D-DAB6F3BDC5F4}.Debug|iPhone.Build.0 = Debug|Any CPU
		{158053BA-8543-451A-900D-DAB6F3BDC5F4}.Debug|iPhoneSimulator.ActiveCfg = Debug|Any CPU
		{158053BA-8543-451A-900D-DAB6F3BDC5F4}.Debug|iPhoneSimulator.Build.0 = Debug|Any CPU
		{158053BA-8543-451A-900D-DAB6F3BDC5F4}.Debug|x64.ActiveCfg = Debug|Any CPU
		{158053BA-8543-451A-900D-DAB6F3BDC5F4}.Debug|x64.Build.0 = Debug|Any CPU
		{158053BA-8543-451A-900D-DAB6F3BDC5F4}.Debug|x86.ActiveCfg = Debug|Any CPU
		{158053BA-8543-451A-900D-DAB6F3BDC5F4}.Debug|x86.Build.0 = Debug|Any CPU
		{158053BA-8543-451A-900D-DAB6F3BDC5F4}.Release|Any CPU.ActiveCfg = Release|Any CPU
		{158053BA-8543-451A-900D-DAB6F3BDC5F4}.Release|Any CPU.Build.0 = Release|Any CPU
		{158053BA-8543-451A-900D-DAB6F3BDC5F4}.Release|ARM.ActiveCfg = Release|Any CPU
		{158053BA-8543-451A-900D-DAB6F3BDC5F4}.Release|ARM.Build.0 = Release|Any CPU
		{158053BA-8543-451A-900D-DAB6F3BDC5F4}.Release|iPhone.ActiveCfg = Release|Any CPU
		{158053BA-8543-451A-900D-DAB6F3BDC5F4}.Release|iPhone.Build.0 = Release|Any CPU
		{158053BA-8543-451A-900D-DAB6F3BDC5F4}.Release|iPhoneSimulator.ActiveCfg = Release|Any CPU
		{158053BA-8543-451A-900D-DAB6F3BDC5F4}.Release|iPhoneSimulator.Build.0 = Release|Any CPU
		{158053BA-8543-451A-900D-DAB6F3BDC5F4}.Release|x64.ActiveCfg = Release|Any CPU
		{158053BA-8543-451A-900D-DAB6F3BDC5F4}.Release|x64.Build.0 = Release|Any CPU
		{158053BA-8543-451A-900D-DAB6F3BDC5F4}.Release|x86.ActiveCfg = Release|Any CPU
		{158053BA-8543-451A-900D-DAB6F3BDC5F4}.Release|x86.Build.0 = Release|Any CPU
		{0AEE7A5F-8299-4C7C-B5C9-062A25FCB139}.Ad-Hoc|Any CPU.ActiveCfg = Debug|Any CPU
		{0AEE7A5F-8299-4C7C-B5C9-062A25FCB139}.Ad-Hoc|Any CPU.Build.0 = Debug|Any CPU
		{0AEE7A5F-8299-4C7C-B5C9-062A25FCB139}.Ad-Hoc|ARM.ActiveCfg = Debug|Any CPU
		{0AEE7A5F-8299-4C7C-B5C9-062A25FCB139}.Ad-Hoc|ARM.Build.0 = Debug|Any CPU
		{0AEE7A5F-8299-4C7C-B5C9-062A25FCB139}.Ad-Hoc|iPhone.ActiveCfg = Debug|Any CPU
		{0AEE7A5F-8299-4C7C-B5C9-062A25FCB139}.Ad-Hoc|iPhone.Build.0 = Debug|Any CPU
		{0AEE7A5F-8299-4C7C-B5C9-062A25FCB139}.Ad-Hoc|iPhoneSimulator.ActiveCfg = Debug|Any CPU
		{0AEE7A5F-8299-4C7C-B5C9-062A25FCB139}.Ad-Hoc|iPhoneSimulator.Build.0 = Debug|Any CPU
		{0AEE7A5F-8299-4C7C-B5C9-062A25FCB139}.Ad-Hoc|x64.ActiveCfg = Debug|Any CPU
		{0AEE7A5F-8299-4C7C-B5C9-062A25FCB139}.Ad-Hoc|x64.Build.0 = Debug|Any CPU
		{0AEE7A5F-8299-4C7C-B5C9-062A25FCB139}.Ad-Hoc|x86.ActiveCfg = Debug|Any CPU
		{0AEE7A5F-8299-4C7C-B5C9-062A25FCB139}.Ad-Hoc|x86.Build.0 = Debug|Any CPU
		{0AEE7A5F-8299-4C7C-B5C9-062A25FCB139}.AppStore|Any CPU.ActiveCfg = Debug|Any CPU
		{0AEE7A5F-8299-4C7C-B5C9-062A25FCB139}.AppStore|Any CPU.Build.0 = Debug|Any CPU
		{0AEE7A5F-8299-4C7C-B5C9-062A25FCB139}.AppStore|ARM.ActiveCfg = Debug|Any CPU
		{0AEE7A5F-8299-4C7C-B5C9-062A25FCB139}.AppStore|ARM.Build.0 = Debug|Any CPU
		{0AEE7A5F-8299-4C7C-B5C9-062A25FCB139}.AppStore|iPhone.ActiveCfg = Debug|Any CPU
		{0AEE7A5F-8299-4C7C-B5C9-062A25FCB139}.AppStore|iPhone.Build.0 = Debug|Any CPU
		{0AEE7A5F-8299-4C7C-B5C9-062A25FCB139}.AppStore|iPhoneSimulator.ActiveCfg = Debug|Any CPU
		{0AEE7A5F-8299-4C7C-B5C9-062A25FCB139}.AppStore|iPhoneSimulator.Build.0 = Debug|Any CPU
		{0AEE7A5F-8299-4C7C-B5C9-062A25FCB139}.AppStore|x64.ActiveCfg = Debug|Any CPU
		{0AEE7A5F-8299-4C7C-B5C9-062A25FCB139}.AppStore|x64.Build.0 = Debug|Any CPU
		{0AEE7A5F-8299-4C7C-B5C9-062A25FCB139}.AppStore|x86.ActiveCfg = Debug|Any CPU
		{0AEE7A5F-8299-4C7C-B5C9-062A25FCB139}.AppStore|x86.Build.0 = Debug|Any CPU
		{0AEE7A5F-8299-4C7C-B5C9-062A25FCB139}.Debug|Any CPU.ActiveCfg = Debug|Any CPU
		{0AEE7A5F-8299-4C7C-B5C9-062A25FCB139}.Debug|Any CPU.Build.0 = Debug|Any CPU
		{0AEE7A5F-8299-4C7C-B5C9-062A25FCB139}.Debug|ARM.ActiveCfg = Debug|Any CPU
		{0AEE7A5F-8299-4C7C-B5C9-062A25FCB139}.Debug|ARM.Build.0 = Debug|Any CPU
		{0AEE7A5F-8299-4C7C-B5C9-062A25FCB139}.Debug|iPhone.ActiveCfg = Debug|Any CPU
		{0AEE7A5F-8299-4C7C-B5C9-062A25FCB139}.Debug|iPhone.Build.0 = Debug|Any CPU
		{0AEE7A5F-8299-4C7C-B5C9-062A25FCB139}.Debug|iPhoneSimulator.ActiveCfg = Debug|Any CPU
		{0AEE7A5F-8299-4C7C-B5C9-062A25FCB139}.Debug|iPhoneSimulator.Build.0 = Debug|Any CPU
		{0AEE7A5F-8299-4C7C-B5C9-062A25FCB139}.Debug|x64.ActiveCfg = Debug|Any CPU
		{0AEE7A5F-8299-4C7C-B5C9-062A25FCB139}.Debug|x64.Build.0 = Debug|Any CPU
		{0AEE7A5F-8299-4C7C-B5C9-062A25FCB139}.Debug|x86.ActiveCfg = Debug|Any CPU
		{0AEE7A5F-8299-4C7C-B5C9-062A25FCB139}.Debug|x86.Build.0 = Debug|Any CPU
		{0AEE7A5F-8299-4C7C-B5C9-062A25FCB139}.Release|Any CPU.ActiveCfg = Release|Any CPU
		{0AEE7A5F-8299-4C7C-B5C9-062A25FCB139}.Release|Any CPU.Build.0 = Release|Any CPU
		{0AEE7A5F-8299-4C7C-B5C9-062A25FCB139}.Release|ARM.ActiveCfg = Release|Any CPU
		{0AEE7A5F-8299-4C7C-B5C9-062A25FCB139}.Release|ARM.Build.0 = Release|Any CPU
		{0AEE7A5F-8299-4C7C-B5C9-062A25FCB139}.Release|iPhone.ActiveCfg = Release|Any CPU
		{0AEE7A5F-8299-4C7C-B5C9-062A25FCB139}.Release|iPhone.Build.0 = Release|Any CPU
		{0AEE7A5F-8299-4C7C-B5C9-062A25FCB139}.Release|iPhoneSimulator.ActiveCfg = Release|Any CPU
		{0AEE7A5F-8299-4C7C-B5C9-062A25FCB139}.Release|iPhoneSimulator.Build.0 = Release|Any CPU
		{0AEE7A5F-8299-4C7C-B5C9-062A25FCB139}.Release|x64.ActiveCfg = Release|Any CPU
		{0AEE7A5F-8299-4C7C-B5C9-062A25FCB139}.Release|x64.Build.0 = Release|Any CPU
		{0AEE7A5F-8299-4C7C-B5C9-062A25FCB139}.Release|x86.ActiveCfg = Release|Any CPU
		{0AEE7A5F-8299-4C7C-B5C9-062A25FCB139}.Release|x86.Build.0 = Release|Any CPU
	EndGlobalSection
	GlobalSection(SolutionProperties) = preSolution
		HideSolutionNode = FALSE
	EndGlobalSection
	GlobalSection(ExtensibilityGlobals) = postSolution
		SolutionGuid = {0854CEF1-2D6B-420A-A991-84779E5544A7}
	EndGlobalSection
EndGlobal
