
Microsoft Visual Studio Solution File, Format Version 12.00
# Visual Studio 15
VisualStudioVersion = 15.0.27130.2024
MinimumVisualStudioVersion = 10.0.40219.1
Project("{FAE04EC0-301F-11D3-BF4B-00C04F79EFBC}") = "Samples.Cross.UWP", "Samples.Cross.UWP\Samples.Cross.UWP.csproj", "{83B0CFB7-C231-48A9-8BF7-57D891AE2477}"
EndProject
Project("{FAE04EC0-301F-11D3-BF4B-00C04F79EFBC}") = "Samples.Cross.Forms.Launcher", "Samples.Cross.Forms.Launcher\Samples.Cross.Forms.Launcher.csproj", "{6F07F77F-AA28-4ADD-B0F8-A3CB67DA21FE}"
EndProject
Project("{FAE04EC0-301F-11D3-BF4B-00C04F79EFBC}") = "Samples.Cross.WPF.Launcher", "Samples.Cross.WPF.Launcher\Samples.Cross.WPF.Launcher.csproj", "{D0D6010C-D1F5-49A4-8A9D-45043328E215}"
EndProject
Project("{FAE04EC0-301F-11D3-BF4B-00C04F79EFBC}") = "Samples.Cross.WPF.Presentation.Shell", "Samples.Cross.WPF.Presentation.Shell\Samples.Cross.WPF.Presentation.Shell.csproj", "{6B7AD07E-4490-4137-B854-6F99F591EFCB}"
EndProject
Project("{FAE04EC0-301F-11D3-BF4B-00C04F79EFBC}") = "Samples.Cross.Forms.Presentation.Shell", "Samples.Cross.Forms.Presentation.Shell\Samples.Cross.Forms.Presentation.Shell.csproj", "{0F3B575D-3E4E-4D88-9A18-4080393562E3}"
EndProject
Project("{FAE04EC0-301F-11D3-BF4B-00C04F79EFBC}") = "Samples.Cross.Model", "Samples.Cross.Model\Samples.Cross.Model.csproj", "{BDDEC942-AAC0-4F42-833F-7D1347177BD0}"
EndProject
Project("{FAE04EC0-301F-11D3-BF4B-00C04F79EFBC}") = "Samples.Cross.Model.Contracts", "Samples.Cross.Model.Contracts\Samples.Cross.Model.Contracts.csproj", "{158053BA-8543-451A-900D-DAB6F3BDC5F4}"
EndProject
Project("{FAE04EC0-301F-11D3-BF4B-00C04F79EFBC}") = "Samples.Cross.iOS", "Samples.Cross.iOS\Samples.Cross.iOS.csproj", "{765429E2-54BC-4C25-9B8F-06B83C5C7E0A}"
EndProject
Project("{FAE04EC0-301F-11D3-BF4B-00C04F79EFBC}") = "Samples.Cross.Droid", "Samples.Cross.Droid\Samples.Cross.Droid.csproj", "{C736C55F-613B-4D3C-91D9-1B3A05B407C7}"
EndProject
Project("{2150E333-8FDC-42A3-9474-1A3956D46DE8}") = "Mobile", "Mobile", "{9ABF9D92-3946-4A99-8876-E4E6943535AE}"
EndProject
Project("{2150E333-8FDC-42A3-9474-1A3956D46DE8}") = "UWP", "UWP", "{899641EF-1278-4300-BAD6-6C13D161B3F5}"
EndProject
Project("{2150E333-8FDC-42A3-9474-1A3956D46DE8}") = "WPF", "WPF", "{D8F4F795-B9DC-4594-A76C-22FC42D0CCFC}"
EndProject
Project("{2150E333-8FDC-42A3-9474-1A3956D46DE8}") = "Shared", "Shared", "{215F977C-E6EE-4F6E-AA35-D204ABF00475}"
EndProject
Project("{2150E333-8FDC-42A3-9474-1A3956D46DE8}") = "Model", "Model", "{645CEE3C-54BC-4F0A-81C4-FB9C75CF494E}"
EndProject
Project("{2150E333-8FDC-42A3-9474-1A3956D46DE8}") = "Data", "Data", "{A345F029-C2E4-4B48-A351-6DBDB4507A51}"
EndProject
Project("{FAE04EC0-301F-11D3-BF4B-00C04F79EFBC}") = "Samples.Cross.Data.Contracts.Providers", "Samples.Cross.Data.Contracts.Providers\Samples.Cross.Data.Contracts.Providers.csproj", "{273644B0-46A9-4DD8-BC9B-264C509A6E6D}"
EndProject
Project("{2150E333-8FDC-42A3-9474-1A3956D46DE8}") = "Fake", "Fake", "{44BF0EDD-6810-4960-A705-06288ADBBFB5}"
EndProject
Project("{2150E333-8FDC-42A3-9474-1A3956D46DE8}") = "Contracts", "Contracts", "{44D31CD7-5749-4425-9A31-F3CC631D7E4B}"
EndProject
Project("{FAE04EC0-301F-11D3-BF4B-00C04F79EFBC}") = "Samples.Cross.Data.Fake.Providers", "Samples.Cross.Data.Fake.Providers\Samples.Cross.Data.Fake.Providers.csproj", "{59DF2512-11AE-4B28-82DF-1C5AE0242AE8}"
EndProject
Global
	GlobalSection(SolutionConfigurationPlatforms) = preSolution
		Ad-Hoc|Any CPU = Ad-Hoc|Any CPU
		Ad-Hoc|ARM = Ad-Hoc|ARM
		Ad-Hoc|iPhone = Ad-Hoc|iPhone
		Ad-Hoc|iPhoneSimulator = Ad-Hoc|iPhoneSimulator
		Ad-Hoc|x64 = Ad-Hoc|x64
		Ad-Hoc|x86 = Ad-Hoc|x86
		AppStore|Any CPU = AppStore|Any CPU
		AppStore|ARM = AppStore|ARM
		AppStore|iPhone = AppStore|iPhone
		AppStore|iPhoneSimulator = AppStore|iPhoneSimulator
		AppStore|x64 = AppStore|x64
		AppStore|x86 = AppStore|x86
		Debug|Any CPU = Debug|Any CPU
		Debug|ARM = Debug|ARM
		Debug|iPhone = Debug|iPhone
		Debug|iPhoneSimulator = Debug|iPhoneSimulator
		Debug|x64 = Debug|x64
		Debug|x86 = Debug|x86
		Release|Any CPU = Release|Any CPU
		Release|ARM = Release|ARM
		Release|iPhone = Release|iPhone
		Release|iPhoneSimulator = Release|iPhoneSimulator
		Release|x64 = Release|x64
		Release|x86 = Release|x86
	EndGlobalSection
	GlobalSection(ProjectConfigurationPlatforms) = postSolution
		{83B0CFB7-C231-48A9-8BF7-57D891AE2477}.Ad-Hoc|Any CPU.ActiveCfg = Release|x86
		{83B0CFB7-C231-48A9-8BF7-57D891AE2477}.Ad-Hoc|Any CPU.Build.0 = Release|x86
		{83B0CFB7-C231-48A9-8BF7-57D891AE2477}.Ad-Hoc|Any CPU.Deploy.0 = Release|x86
		{83B0CFB7-C231-48A9-8BF7-57D891AE2477}.Ad-Hoc|ARM.ActiveCfg = Release|ARM
		{83B0CFB7-C231-48A9-8BF7-57D891AE2477}.Ad-Hoc|ARM.Build.0 = Release|ARM
		{83B0CFB7-C231-48A9-8BF7-57D891AE2477}.Ad-Hoc|ARM.Deploy.0 = Release|ARM
		{83B0CFB7-C231-48A9-8BF7-57D891AE2477}.Ad-Hoc|iPhone.ActiveCfg = Release|x86
		{83B0CFB7-C231-48A9-8BF7-57D891AE2477}.Ad-Hoc|iPhone.Build.0 = Release|x86
		{83B0CFB7-C231-48A9-8BF7-57D891AE2477}.Ad-Hoc|iPhone.Deploy.0 = Release|x86
		{83B0CFB7-C231-48A9-8BF7-57D891AE2477}.Ad-Hoc|iPhoneSimulator.ActiveCfg = Release|x86
		{83B0CFB7-C231-48A9-8BF7-57D891AE2477}.Ad-Hoc|iPhoneSimulator.Build.0 = Release|x86
		{83B0CFB7-C231-48A9-8BF7-57D891AE2477}.Ad-Hoc|iPhoneSimulator.Deploy.0 = Release|x86
		{83B0CFB7-C231-48A9-8BF7-57D891AE2477}.Ad-Hoc|x64.ActiveCfg = Release|x64
		{83B0CFB7-C231-48A9-8BF7-57D891AE2477}.Ad-Hoc|x64.Build.0 = Release|x64
		{83B0CFB7-C231-48A9-8BF7-57D891AE2477}.Ad-Hoc|x64.Deploy.0 = Release|x64
		{83B0CFB7-C231-48A9-8BF7-57D891AE2477}.Ad-Hoc|x86.ActiveCfg = Release|x86
		{83B0CFB7-C231-48A9-8BF7-57D891AE2477}.Ad-Hoc|x86.Build.0 = Release|x86
		{83B0CFB7-C231-48A9-8BF7-57D891AE2477}.Ad-Hoc|x86.Deploy.0 = Release|x86
		{83B0CFB7-C231-48A9-8BF7-57D891AE2477}.AppStore|Any CPU.ActiveCfg = Release|x86
		{83B0CFB7-C231-48A9-8BF7-57D891AE2477}.AppStore|Any CPU.Build.0 = Release|x86
		{83B0CFB7-C231-48A9-8BF7-57D891AE2477}.AppStore|Any CPU.Deploy.0 = Release|x86
		{83B0CFB7-C231-48A9-8BF7-57D891AE2477}.AppStore|ARM.ActiveCfg = Release|ARM
		{83B0CFB7-C231-48A9-8BF7-57D891AE2477}.AppStore|ARM.Build.0 = Release|ARM
		{83B0CFB7-C231-48A9-8BF7-57D891AE2477}.AppStore|ARM.Deploy.0 = Release|ARM
		{83B0CFB7-C231-48A9-8BF7-57D891AE2477}.AppStore|iPhone.ActiveCfg = Release|x86
		{83B0CFB7-C231-48A9-8BF7-57D891AE2477}.AppStore|iPhone.Build.0 = Release|x86
		{83B0CFB7-C231-48A9-8BF7-57D891AE2477}.AppStore|iPhone.Deploy.0 = Release|x86
		{83B0CFB7-C231-48A9-8BF7-57D891AE2477}.AppStore|iPhoneSimulator.ActiveCfg = Release|x86
		{83B0CFB7-C231-48A9-8BF7-57D891AE2477}.AppStore|iPhoneSimulator.Build.0 = Release|x86
		{83B0CFB7-C231-48A9-8BF7-57D891AE2477}.AppStore|iPhoneSimulator.Deploy.0 = Release|x86
		{83B0CFB7-C231-48A9-8BF7-57D891AE2477}.AppStore|x64.ActiveCfg = Release|x64
		{83B0CFB7-C231-48A9-8BF7-57D891AE2477}.AppStore|x64.Build.0 = Release|x64
		{83B0CFB7-C231-48A9-8BF7-57D891AE2477}.AppStore|x64.Deploy.0 = Release|x64
		{83B0CFB7-C231-48A9-8BF7-57D891AE2477}.AppStore|x86.ActiveCfg = Release|x86
		{83B0CFB7-C231-48A9-8BF7-57D891AE2477}.AppStore|x86.Build.0 = Release|x86
		{83B0CFB7-C231-48A9-8BF7-57D891AE2477}.AppStore|x86.Deploy.0 = Release|x86
		{83B0CFB7-C231-48A9-8BF7-57D891AE2477}.Debug|Any CPU.ActiveCfg = Debug|x86
		{83B0CFB7-C231-48A9-8BF7-57D891AE2477}.Debug|ARM.ActiveCfg = Debug|ARM
		{83B0CFB7-C231-48A9-8BF7-57D891AE2477}.Debug|ARM.Build.0 = Debug|ARM
		{83B0CFB7-C231-48A9-8BF7-57D891AE2477}.Debug|ARM.Deploy.0 = Debug|ARM
		{83B0CFB7-C231-48A9-8BF7-57D891AE2477}.Debug|iPhone.ActiveCfg = Debug|x86
		{83B0CFB7-C231-48A9-8BF7-57D891AE2477}.Debug|iPhoneSimulator.ActiveCfg = Debug|x86
		{83B0CFB7-C231-48A9-8BF7-57D891AE2477}.Debug|x64.ActiveCfg = Debug|x64
		{83B0CFB7-C231-48A9-8BF7-57D891AE2477}.Debug|x64.Build.0 = Debug|x64
		{83B0CFB7-C231-48A9-8BF7-57D891AE2477}.Debug|x64.Deploy.0 = Debug|x64
		{83B0CFB7-C231-48A9-8BF7-57D891AE2477}.Debug|x86.ActiveCfg = Debug|x86
		{83B0CFB7-C231-48A9-8BF7-57D891AE2477}.Debug|x86.Build.0 = Debug|x86
		{83B0CFB7-C231-48A9-8BF7-57D891AE2477}.Debug|x86.Deploy.0 = Debug|x86
		{83B0CFB7-C231-48A9-8BF7-57D891AE2477}.Release|Any CPU.ActiveCfg = Release|x86
		{83B0CFB7-C231-48A9-8BF7-57D891AE2477}.Release|ARM.ActiveCfg = Release|ARM
		{83B0CFB7-C231-48A9-8BF7-57D891AE2477}.Release|ARM.Build.0 = Release|ARM
		{83B0CFB7-C231-48A9-8BF7-57D891AE2477}.Release|ARM.Deploy.0 = Release|ARM
		{83B0CFB7-C231-48A9-8BF7-57D891AE2477}.Release|iPhone.ActiveCfg = Release|x86
		{83B0CFB7-C231-48A9-8BF7-57D891AE2477}.Release|iPhoneSimulator.ActiveCfg = Release|x86
		{83B0CFB7-C231-48A9-8BF7-57D891AE2477}.Release|x64.ActiveCfg = Release|x64
		{83B0CFB7-C231-48A9-8BF7-57D891AE2477}.Release|x64.Build.0 = Release|x64
		{83B0CFB7-C231-48A9-8BF7-57D891AE2477}.Release|x64.Deploy.0 = Release|x64
		{83B0CFB7-C231-48A9-8BF7-57D891AE2477}.Release|x86.ActiveCfg = Release|x86
		{83B0CFB7-C231-48A9-8BF7-57D891AE2477}.Release|x86.Build.0 = Release|x86
		{83B0CFB7-C231-48A9-8BF7-57D891AE2477}.Release|x86.Deploy.0 = Release|x86
		{6F07F77F-AA28-4ADD-B0F8-A3CB67DA21FE}.Ad-Hoc|Any CPU.ActiveCfg = Debug|Any CPU
		{6F07F77F-AA28-4ADD-B0F8-A3CB67DA21FE}.Ad-Hoc|Any CPU.Build.0 = Debug|Any CPU
		{6F07F77F-AA28-4ADD-B0F8-A3CB67DA21FE}.Ad-Hoc|ARM.ActiveCfg = Debug|Any CPU
		{6F07F77F-AA28-4ADD-B0F8-A3CB67DA21FE}.Ad-Hoc|ARM.Build.0 = Debug|Any CPU
		{6F07F77F-AA28-4ADD-B0F8-A3CB67DA21FE}.Ad-Hoc|iPhone.ActiveCfg = Debug|Any CPU
		{6F07F77F-AA28-4ADD-B0F8-A3CB67DA21FE}.Ad-Hoc|iPhone.Build.0 = Debug|Any CPU
		{6F07F77F-AA28-4ADD-B0F8-A3CB67DA21FE}.Ad-Hoc|iPhoneSimulator.ActiveCfg = Debug|Any CPU
		{6F07F77F-AA28-4ADD-B0F8-A3CB67DA21FE}.Ad-Hoc|iPhoneSimulator.Build.0 = Debug|Any CPU
		{6F07F77F-AA28-4ADD-B0F8-A3CB67DA21FE}.Ad-Hoc|x64.ActiveCfg = Debug|Any CPU
		{6F07F77F-AA28-4ADD-B0F8-A3CB67DA21FE}.Ad-Hoc|x64.Build.0 = Debug|Any CPU
		{6F07F77F-AA28-4ADD-B0F8-A3CB67DA21FE}.Ad-Hoc|x86.ActiveCfg = Debug|Any CPU
		{6F07F77F-AA28-4ADD-B0F8-A3CB67DA21FE}.Ad-Hoc|x86.Build.0 = Debug|Any CPU
		{6F07F77F-AA28-4ADD-B0F8-A3CB67DA21FE}.AppStore|Any CPU.ActiveCfg = Debug|Any CPU
		{6F07F77F-AA28-4ADD-B0F8-A3CB67DA21FE}.AppStore|Any CPU.Build.0 = Debug|Any CPU
		{6F07F77F-AA28-4ADD-B0F8-A3CB67DA21FE}.AppStore|ARM.ActiveCfg = Debug|Any CPU
		{6F07F77F-AA28-4ADD-B0F8-A3CB67DA21FE}.AppStore|ARM.Build.0 = Debug|Any CPU
		{6F07F77F-AA28-4ADD-B0F8-A3CB67DA21FE}.AppStore|iPhone.ActiveCfg = Debug|Any CPU
		{6F07F77F-AA28-4ADD-B0F8-A3CB67DA21FE}.AppStore|iPhone.Build.0 = Debug|Any CPU
		{6F07F77F-AA28-4ADD-B0F8-A3CB67DA21FE}.AppStore|iPhoneSimulator.ActiveCfg = Debug|Any CPU
		{6F07F77F-AA28-4ADD-B0F8-A3CB67DA21FE}.AppStore|iPhoneSimulator.Build.0 = Debug|Any CPU
		{6F07F77F-AA28-4ADD-B0F8-A3CB67DA21FE}.AppStore|x64.ActiveCfg = Debug|Any CPU
		{6F07F77F-AA28-4ADD-B0F8-A3CB67DA21FE}.AppStore|x64.Build.0 = Debug|Any CPU
		{6F07F77F-AA28-4ADD-B0F8-A3CB67DA21FE}.AppStore|x86.ActiveCfg = Debug|Any CPU
		{6F07F77F-AA28-4ADD-B0F8-A3CB67DA21FE}.AppStore|x86.Build.0 = Debug|Any CPU
		{6F07F77F-AA28-4ADD-B0F8-A3CB67DA21FE}.Debug|Any CPU.ActiveCfg = Debug|Any CPU
		{6F07F77F-AA28-4ADD-B0F8-A3CB67DA21FE}.Debug|Any CPU.Build.0 = Debug|Any CPU
		{6F07F77F-AA28-4ADD-B0F8-A3CB67DA21FE}.Debug|ARM.ActiveCfg = Debug|Any CPU
		{6F07F77F-AA28-4ADD-B0F8-A3CB67DA21FE}.Debug|ARM.Build.0 = Debug|Any CPU
		{6F07F77F-AA28-4ADD-B0F8-A3CB67DA21FE}.Debug|iPhone.ActiveCfg = Debug|Any CPU
		{6F07F77F-AA28-4ADD-B0F8-A3CB67DA21FE}.Debug|iPhone.Build.0 = Debug|Any CPU
		{6F07F77F-AA28-4ADD-B0F8-A3CB67DA21FE}.Debug|iPhoneSimulator.ActiveCfg = Debug|Any CPU
		{6F07F77F-AA28-4ADD-B0F8-A3CB67DA21FE}.Debug|iPhoneSimulator.Build.0 = Debug|Any CPU
		{6F07F77F-AA28-4ADD-B0F8-A3CB67DA21FE}.Debug|x64.ActiveCfg = Debug|Any CPU
		{6F07F77F-AA28-4ADD-B0F8-A3CB67DA21FE}.Debug|x64.Build.0 = Debug|Any CPU
		{6F07F77F-AA28-4ADD-B0F8-A3CB67DA21FE}.Debug|x86.ActiveCfg = Debug|Any CPU
		{6F07F77F-AA28-4ADD-B0F8-A3CB67DA21FE}.Debug|x86.Build.0 = Debug|Any CPU
		{6F07F77F-AA28-4ADD-B0F8-A3CB67DA21FE}.Release|Any CPU.ActiveCfg = Release|Any CPU
		{6F07F77F-AA28-4ADD-B0F8-A3CB67DA21FE}.Release|Any CPU.Build.0 = Release|Any CPU
		{6F07F77F-AA28-4ADD-B0F8-A3CB67DA21FE}.Release|ARM.ActiveCfg = Release|Any CPU
		{6F07F77F-AA28-4ADD-B0F8-A3CB67DA21FE}.Release|ARM.Build.0 = Release|Any CPU
		{6F07F77F-AA28-4ADD-B0F8-A3CB67DA21FE}.Release|iPhone.ActiveCfg = Release|Any CPU
		{6F07F77F-AA28-4ADD-B0F8-A3CB67DA21FE}.Release|iPhone.Build.0 = Release|Any CPU
		{6F07F77F-AA28-4ADD-B0F8-A3CB67DA21FE}.Release|iPhoneSimulator.ActiveCfg = Release|Any CPU
		{6F07F77F-AA28-4ADD-B0F8-A3CB67DA21FE}.Release|iPhoneSimulator.Build.0 = Release|Any CPU
		{6F07F77F-AA28-4ADD-B0F8-A3CB67DA21FE}.Release|x64.ActiveCfg = Release|Any CPU
		{6F07F77F-AA28-4ADD-B0F8-A3CB67DA21FE}.Release|x64.Build.0 = Release|Any CPU
		{6F07F77F-AA28-4ADD-B0F8-A3CB67DA21FE}.Release|x86.ActiveCfg = Release|Any CPU
		{6F07F77F-AA28-4ADD-B0F8-A3CB67DA21FE}.Release|x86.Build.0 = Release|Any CPU
		{D0D6010C-D1F5-49A4-8A9D-45043328E215}.Ad-Hoc|Any CPU.ActiveCfg = Release|Any CPU
		{D0D6010C-D1F5-49A4-8A9D-45043328E215}.Ad-Hoc|Any CPU.Build.0 = Release|Any CPU
		{D0D6010C-D1F5-49A4-8A9D-45043328E215}.Ad-Hoc|ARM.ActiveCfg = Release|Any CPU
		{D0D6010C-D1F5-49A4-8A9D-45043328E215}.Ad-Hoc|ARM.Build.0 = Release|Any CPU
		{D0D6010C-D1F5-49A4-8A9D-45043328E215}.Ad-Hoc|iPhone.ActiveCfg = Release|Any CPU
		{D0D6010C-D1F5-49A4-8A9D-45043328E215}.Ad-Hoc|iPhone.Build.0 = Release|Any CPU
		{D0D6010C-D1F5-49A4-8A9D-45043328E215}.Ad-Hoc|iPhoneSimulator.ActiveCfg = Release|Any CPU
		{D0D6010C-D1F5-49A4-8A9D-45043328E215}.Ad-Hoc|iPhoneSimulator.Build.0 = Release|Any CPU
		{D0D6010C-D1F5-49A4-8A9D-45043328E215}.Ad-Hoc|x64.ActiveCfg = Release|Any CPU
		{D0D6010C-D1F5-49A4-8A9D-45043328E215}.Ad-Hoc|x64.Build.0 = Release|Any CPU
		{D0D6010C-D1F5-49A4-8A9D-45043328E215}.Ad-Hoc|x86.ActiveCfg = Release|Any CPU
		{D0D6010C-D1F5-49A4-8A9D-45043328E215}.Ad-Hoc|x86.Build.0 = Release|Any CPU
		{D0D6010C-D1F5-49A4-8A9D-45043328E215}.AppStore|Any CPU.ActiveCfg = Release|Any CPU
		{D0D6010C-D1F5-49A4-8A9D-45043328E215}.AppStore|Any CPU.Build.0 = Release|Any CPU
		{D0D6010C-D1F5-49A4-8A9D-45043328E215}.AppStore|ARM.ActiveCfg = Release|Any CPU
		{D0D6010C-D1F5-49A4-8A9D-45043328E215}.AppStore|ARM.Build.0 = Release|Any CPU
		{D0D6010C-D1F5-49A4-8A9D-45043328E215}.AppStore|iPhone.ActiveCfg = Release|Any CPU
		{D0D6010C-D1F5-49A4-8A9D-45043328E215}.AppStore|iPhone.Build.0 = Release|Any CPU
		{D0D6010C-D1F5-49A4-8A9D-45043328E215}.AppStore|iPhoneSimulator.ActiveCfg = Release|Any CPU
		{D0D6010C-D1F5-49A4-8A9D-45043328E215}.AppStore|iPhoneSimulator.Build.0 = Release|Any CPU
		{D0D6010C-D1F5-49A4-8A9D-45043328E215}.AppStore|x64.ActiveCfg = Release|Any CPU
		{D0D6010C-D1F5-49A4-8A9D-45043328E215}.AppStore|x64.Build.0 = Release|Any CPU
		{D0D6010C-D1F5-49A4-8A9D-45043328E215}.AppStore|x86.ActiveCfg = Release|Any CPU
		{D0D6010C-D1F5-49A4-8A9D-45043328E215}.AppStore|x86.Build.0 = Release|Any CPU
		{D0D6010C-D1F5-49A4-8A9D-45043328E215}.Debug|Any CPU.ActiveCfg = Debug|Any CPU
		{D0D6010C-D1F5-49A4-8A9D-45043328E215}.Debug|Any CPU.Build.0 = Debug|Any CPU
		{D0D6010C-D1F5-49A4-8A9D-45043328E215}.Debug|ARM.ActiveCfg = Debug|Any CPU
		{D0D6010C-D1F5-49A4-8A9D-45043328E215}.Debug|ARM.Build.0 = Debug|Any CPU
		{D0D6010C-D1F5-49A4-8A9D-45043328E215}.Debug|iPhone.ActiveCfg = Debug|Any CPU
		{D0D6010C-D1F5-49A4-8A9D-45043328E215}.Debug|iPhone.Build.0 = Debug|Any CPU
		{D0D6010C-D1F5-49A4-8A9D-45043328E215}.Debug|iPhoneSimulator.ActiveCfg = Debug|Any CPU
		{D0D6010C-D1F5-49A4-8A9D-45043328E215}.Debug|iPhoneSimulator.Build.0 = Debug|Any CPU
		{D0D6010C-D1F5-49A4-8A9D-45043328E215}.Debug|x64.ActiveCfg = Debug|Any CPU
		{D0D6010C-D1F5-49A4-8A9D-45043328E215}.Debug|x64.Build.0 = Debug|Any CPU
		{D0D6010C-D1F5-49A4-8A9D-45043328E215}.Debug|x86.ActiveCfg = Debug|Any CPU
		{D0D6010C-D1F5-49A4-8A9D-45043328E215}.Debug|x86.Build.0 = Debug|Any CPU
		{D0D6010C-D1F5-49A4-8A9D-45043328E215}.Release|Any CPU.ActiveCfg = Release|Any CPU
		{D0D6010C-D1F5-49A4-8A9D-45043328E215}.Release|Any CPU.Build.0 = Release|Any CPU
		{D0D6010C-D1F5-49A4-8A9D-45043328E215}.Release|ARM.ActiveCfg = Release|Any CPU
		{D0D6010C-D1F5-49A4-8A9D-45043328E215}.Release|ARM.Build.0 = Release|Any CPU
		{D0D6010C-D1F5-49A4-8A9D-45043328E215}.Release|iPhone.ActiveCfg = Release|Any CPU
		{D0D6010C-D1F5-49A4-8A9D-45043328E215}.Release|iPhone.Build.0 = Release|Any CPU
		{D0D6010C-D1F5-49A4-8A9D-45043328E215}.Release|iPhoneSimulator.ActiveCfg = Release|Any CPU
		{D0D6010C-D1F5-49A4-8A9D-45043328E215}.Release|iPhoneSimulator.Build.0 = Release|Any CPU
		{D0D6010C-D1F5-49A4-8A9D-45043328E215}.Release|x64.ActiveCfg = Release|Any CPU
		{D0D6010C-D1F5-49A4-8A9D-45043328E215}.Release|x64.Build.0 = Release|Any CPU
		{D0D6010C-D1F5-49A4-8A9D-45043328E215}.Release|x86.ActiveCfg = Release|Any CPU
		{D0D6010C-D1F5-49A4-8A9D-45043328E215}.Release|x86.Build.0 = Release|Any CPU
		{6B7AD07E-4490-4137-B854-6F99F591EFCB}.Ad-Hoc|Any CPU.ActiveCfg = Release|Any CPU
		{6B7AD07E-4490-4137-B854-6F99F591EFCB}.Ad-Hoc|Any CPU.Build.0 = Release|Any CPU
		{6B7AD07E-4490-4137-B854-6F99F591EFCB}.Ad-Hoc|ARM.ActiveCfg = Release|Any CPU
		{6B7AD07E-4490-4137-B854-6F99F591EFCB}.Ad-Hoc|ARM.Build.0 = Release|Any CPU
		{6B7AD07E-4490-4137-B854-6F99F591EFCB}.Ad-Hoc|iPhone.ActiveCfg = Release|Any CPU
		{6B7AD07E-4490-4137-B854-6F99F591EFCB}.Ad-Hoc|iPhone.Build.0 = Release|Any CPU
		{6B7AD07E-4490-4137-B854-6F99F591EFCB}.Ad-Hoc|iPhoneSimulator.ActiveCfg = Release|Any CPU
		{6B7AD07E-4490-4137-B854-6F99F591EFCB}.Ad-Hoc|iPhoneSimulator.Build.0 = Release|Any CPU
		{6B7AD07E-4490-4137-B854-6F99F591EFCB}.Ad-Hoc|x64.ActiveCfg = Release|Any CPU
		{6B7AD07E-4490-4137-B854-6F99F591EFCB}.Ad-Hoc|x64.Build.0 = Release|Any CPU
		{6B7AD07E-4490-4137-B854-6F99F591EFCB}.Ad-Hoc|x86.ActiveCfg = Release|Any CPU
		{6B7AD07E-4490-4137-B854-6F99F591EFCB}.Ad-Hoc|x86.Build.0 = Release|Any CPU
		{6B7AD07E-4490-4137-B854-6F99F591EFCB}.AppStore|Any CPU.ActiveCfg = Release|Any CPU
		{6B7AD07E-4490-4137-B854-6F99F591EFCB}.AppStore|Any CPU.Build.0 = Release|Any CPU
		{6B7AD07E-4490-4137-B854-6F99F591EFCB}.AppStore|ARM.ActiveCfg = Release|Any CPU
		{6B7AD07E-4490-4137-B854-6F99F591EFCB}.AppStore|ARM.Build.0 = Release|Any CPU
		{6B7AD07E-4490-4137-B854-6F99F591EFCB}.AppStore|iPhone.ActiveCfg = Release|Any CPU
		{6B7AD07E-4490-4137-B854-6F99F591EFCB}.AppStore|iPhone.Build.0 = Release|Any CPU
		{6B7AD07E-4490-4137-B854-6F99F591EFCB}.AppStore|iPhoneSimulator.ActiveCfg = Release|Any CPU
		{6B7AD07E-4490-4137-B854-6F99F591EFCB}.AppStore|iPhoneSimulator.Build.0 = Release|Any CPU
		{6B7AD07E-4490-4137-B854-6F99F591EFCB}.AppStore|x64.ActiveCfg = Release|Any CPU
		{6B7AD07E-4490-4137-B854-6F99F591EFCB}.AppStore|x64.Build.0 = Release|Any CPU
		{6B7AD07E-4490-4137-B854-6F99F591EFCB}.AppStore|x86.ActiveCfg = Release|Any CPU
		{6B7AD07E-4490-4137-B854-6F99F591EFCB}.AppStore|x86.Build.0 = Release|Any CPU
		{6B7AD07E-4490-4137-B854-6F99F591EFCB}.Debug|Any CPU.ActiveCfg = Debug|Any CPU
		{6B7AD07E-4490-4137-B854-6F99F591EFCB}.Debug|Any CPU.Build.0 = Debug|Any CPU
		{6B7AD07E-4490-4137-B854-6F99F591EFCB}.Debug|ARM.ActiveCfg = Debug|Any CPU
		{6B7AD07E-4490-4137-B854-6F99F591EFCB}.Debug|ARM.Build.0 = Debug|Any CPU
		{6B7AD07E-4490-4137-B854-6F99F591EFCB}.Debug|iPhone.ActiveCfg = Debug|Any CPU
		{6B7AD07E-4490-4137-B854-6F99F591EFCB}.Debug|iPhone.Build.0 = Debug|Any CPU
		{6B7AD07E-4490-4137-B854-6F99F591EFCB}.Debug|iPhoneSimulator.ActiveCfg = Debug|Any CPU
		{6B7AD07E-4490-4137-B854-6F99F591EFCB}.Debug|iPhoneSimulator.Build.0 = Debug|Any CPU
		{6B7AD07E-4490-4137-B854-6F99F591EFCB}.Debug|x64.ActiveCfg = Debug|Any CPU
		{6B7AD07E-4490-4137-B854-6F99F591EFCB}.Debug|x64.Build.0 = Debug|Any CPU
		{6B7AD07E-4490-4137-B854-6F99F591EFCB}.Debug|x86.ActiveCfg = Debug|Any CPU
		{6B7AD07E-4490-4137-B854-6F99F591EFCB}.Debug|x86.Build.0 = Debug|Any CPU
		{6B7AD07E-4490-4137-B854-6F99F591EFCB}.Release|Any CPU.ActiveCfg = Release|Any CPU
		{6B7AD07E-4490-4137-B854-6F99F591EFCB}.Release|Any CPU.Build.0 = Release|Any CPU
		{6B7AD07E-4490-4137-B854-6F99F591EFCB}.Release|ARM.ActiveCfg = Release|Any CPU
		{6B7AD07E-4490-4137-B854-6F99F591EFCB}.Release|ARM.Build.0 = Release|Any CPU
		{6B7AD07E-4490-4137-B854-6F99F591EFCB}.Release|iPhone.ActiveCfg = Release|Any CPU
		{6B7AD07E-4490-4137-B854-6F99F591EFCB}.Release|iPhone.Build.0 = Release|Any CPU
		{6B7AD07E-4490-4137-B854-6F99F591EFCB}.Release|iPhoneSimulator.ActiveCfg = Release|Any CPU
		{6B7AD07E-4490-4137-B854-6F99F591EFCB}.Release|iPhoneSimulator.Build.0 = Release|Any CPU
		{6B7AD07E-4490-4137-B854-6F99F591EFCB}.Release|x64.ActiveCfg = Release|Any CPU
		{6B7AD07E-4490-4137-B854-6F99F591EFCB}.Release|x64.Build.0 = Release|Any CPU
		{6B7AD07E-4490-4137-B854-6F99F591EFCB}.Release|x86.ActiveCfg = Release|Any CPU
		{6B7AD07E-4490-4137-B854-6F99F591EFCB}.Release|x86.Build.0 = Release|Any CPU
		{0F3B575D-3E4E-4D88-9A18-4080393562E3}.Ad-Hoc|Any CPU.ActiveCfg = Debug|Any CPU
		{0F3B575D-3E4E-4D88-9A18-4080393562E3}.Ad-Hoc|Any CPU.Build.0 = Debug|Any CPU
		{0F3B575D-3E4E-4D88-9A18-4080393562E3}.Ad-Hoc|ARM.ActiveCfg = Debug|Any CPU
		{0F3B575D-3E4E-4D88-9A18-4080393562E3}.Ad-Hoc|ARM.Build.0 = Debug|Any CPU
		{0F3B575D-3E4E-4D88-9A18-4080393562E3}.Ad-Hoc|iPhone.ActiveCfg = Debug|Any CPU
		{0F3B575D-3E4E-4D88-9A18-4080393562E3}.Ad-Hoc|iPhone.Build.0 = Debug|Any CPU
		{0F3B575D-3E4E-4D88-9A18-4080393562E3}.Ad-Hoc|iPhoneSimulator.ActiveCfg = Debug|Any CPU
		{0F3B575D-3E4E-4D88-9A18-4080393562E3}.Ad-Hoc|iPhoneSimulator.Build.0 = Debug|Any CPU
		{0F3B575D-3E4E-4D88-9A18-4080393562E3}.Ad-Hoc|x64.ActiveCfg = Debug|Any CPU
		{0F3B575D-3E4E-4D88-9A18-4080393562E3}.Ad-Hoc|x64.Build.0 = Debug|Any CPU
		{0F3B575D-3E4E-4D88-9A18-4080393562E3}.Ad-Hoc|x86.ActiveCfg = Debug|Any CPU
		{0F3B575D-3E4E-4D88-9A18-4080393562E3}.Ad-Hoc|x86.Build.0 = Debug|Any CPU
		{0F3B575D-3E4E-4D88-9A18-4080393562E3}.AppStore|Any CPU.ActiveCfg = Debug|Any CPU
		{0F3B575D-3E4E-4D88-9A18-4080393562E3}.AppStore|Any CPU.Build.0 = Debug|Any CPU
		{0F3B575D-3E4E-4D88-9A18-4080393562E3}.AppStore|ARM.ActiveCfg = Debug|Any CPU
		{0F3B575D-3E4E-4D88-9A18-4080393562E3}.AppStore|ARM.Build.0 = Debug|Any CPU
		{0F3B575D-3E4E-4D88-9A18-4080393562E3}.AppStore|iPhone.ActiveCfg = Debug|Any CPU
		{0F3B575D-3E4E-4D88-9A18-4080393562E3}.AppStore|iPhone.Build.0 = Debug|Any CPU
		{0F3B575D-3E4E-4D88-9A18-4080393562E3}.AppStore|iPhoneSimulator.ActiveCfg = Debug|Any CPU
		{0F3B575D-3E4E-4D88-9A18-4080393562E3}.AppStore|iPhoneSimulator.Build.0 = Debug|Any CPU
		{0F3B575D-3E4E-4D88-9A18-4080393562E3}.AppStore|x64.ActiveCfg = Debug|Any CPU
		{0F3B575D-3E4E-4D88-9A18-4080393562E3}.AppStore|x64.Build.0 = Debug|Any CPU
		{0F3B575D-3E4E-4D88-9A18-4080393562E3}.AppStore|x86.ActiveCfg = Debug|Any CPU
		{0F3B575D-3E4E-4D88-9A18-4080393562E3}.AppStore|x86.Build.0 = Debug|Any CPU
		{0F3B575D-3E4E-4D88-9A18-4080393562E3}.Debug|Any CPU.ActiveCfg = Debug|Any CPU
		{0F3B575D-3E4E-4D88-9A18-4080393562E3}.Debug|Any CPU.Build.0 = Debug|Any CPU
		{0F3B575D-3E4E-4D88-9A18-4080393562E3}.Debug|ARM.ActiveCfg = Debug|Any CPU
		{0F3B575D-3E4E-4D88-9A18-4080393562E3}.Debug|ARM.Build.0 = Debug|Any CPU
		{0F3B575D-3E4E-4D88-9A18-4080393562E3}.Debug|iPhone.ActiveCfg = Debug|Any CPU
		{0F3B575D-3E4E-4D88-9A18-4080393562E3}.Debug|iPhone.Build.0 = Debug|Any CPU
		{0F3B575D-3E4E-4D88-9A18-4080393562E3}.Debug|iPhoneSimulator.ActiveCfg = Debug|Any CPU
		{0F3B575D-3E4E-4D88-9A18-4080393562E3}.Debug|iPhoneSimulator.Build.0 = Debug|Any CPU
		{0F3B575D-3E4E-4D88-9A18-4080393562E3}.Debug|x64.ActiveCfg = Debug|Any CPU
		{0F3B575D-3E4E-4D88-9A18-4080393562E3}.Debug|x64.Build.0 = Debug|Any CPU
		{0F3B575D-3E4E-4D88-9A18-4080393562E3}.Debug|x86.ActiveCfg = Debug|Any CPU
		{0F3B575D-3E4E-4D88-9A18-4080393562E3}.Debug|x86.Build.0 = Debug|Any CPU
		{0F3B575D-3E4E-4D88-9A18-4080393562E3}.Release|Any CPU.ActiveCfg = Release|Any CPU
		{0F3B575D-3E4E-4D88-9A18-4080393562E3}.Release|Any CPU.Build.0 = Release|Any CPU
		{0F3B575D-3E4E-4D88-9A18-4080393562E3}.Release|ARM.ActiveCfg = Release|Any CPU
		{0F3B575D-3E4E-4D88-9A18-4080393562E3}.Release|ARM.Build.0 = Release|Any CPU
		{0F3B575D-3E4E-4D88-9A18-4080393562E3}.Release|iPhone.ActiveCfg = Release|Any CPU
		{0F3B575D-3E4E-4D88-9A18-4080393562E3}.Release|iPhone.Build.0 = Release|Any CPU
		{0F3B575D-3E4E-4D88-9A18-4080393562E3}.Release|iPhoneSimulator.ActiveCfg = Release|Any CPU
		{0F3B575D-3E4E-4D88-9A18-4080393562E3}.Release|iPhoneSimulator.Build.0 = Release|Any CPU
		{0F3B575D-3E4E-4D88-9A18-4080393562E3}.Release|x64.ActiveCfg = Release|Any CPU
		{0F3B575D-3E4E-4D88-9A18-4080393562E3}.Release|x64.Build.0 = Release|Any CPU
		{0F3B575D-3E4E-4D88-9A18-4080393562E3}.Release|x86.ActiveCfg = Release|Any CPU
		{0F3B575D-3E4E-4D88-9A18-4080393562E3}.Release|x86.Build.0 = Release|Any CPU
		{BDDEC942-AAC0-4F42-833F-7D1347177BD0}.Ad-Hoc|Any CPU.ActiveCfg = Debug|Any CPU
		{BDDEC942-AAC0-4F42-833F-7D1347177BD0}.Ad-Hoc|Any CPU.Build.0 = Debug|Any CPU
		{BDDEC942-AAC0-4F42-833F-7D1347177BD0}.Ad-Hoc|ARM.ActiveCfg = Debug|Any CPU
		{BDDEC942-AAC0-4F42-833F-7D1347177BD0}.Ad-Hoc|ARM.Build.0 = Debug|Any CPU
		{BDDEC942-AAC0-4F42-833F-7D1347177BD0}.Ad-Hoc|iPhone.ActiveCfg = Debug|Any CPU
		{BDDEC942-AAC0-4F42-833F-7D1347177BD0}.Ad-Hoc|iPhone.Build.0 = Debug|Any CPU
		{BDDEC942-AAC0-4F42-833F-7D1347177BD0}.Ad-Hoc|iPhoneSimulator.ActiveCfg = Debug|Any CPU
		{BDDEC942-AAC0-4F42-833F-7D1347177BD0}.Ad-Hoc|iPhoneSimulator.Build.0 = Debug|Any CPU
		{BDDEC942-AAC0-4F42-833F-7D1347177BD0}.Ad-Hoc|x64.ActiveCfg = Debug|Any CPU
		{BDDEC942-AAC0-4F42-833F-7D1347177BD0}.Ad-Hoc|x64.Build.0 = Debug|Any CPU
		{BDDEC942-AAC0-4F42-833F-7D1347177BD0}.Ad-Hoc|x86.ActiveCfg = Debug|Any CPU
		{BDDEC942-AAC0-4F42-833F-7D1347177BD0}.Ad-Hoc|x86.Build.0 = Debug|Any CPU
		{BDDEC942-AAC0-4F42-833F-7D1347177BD0}.AppStore|Any CPU.ActiveCfg = Debug|Any CPU
		{BDDEC942-AAC0-4F42-833F-7D1347177BD0}.AppStore|Any CPU.Build.0 = Debug|Any CPU
		{BDDEC942-AAC0-4F42-833F-7D1347177BD0}.AppStore|ARM.ActiveCfg = Debug|Any CPU
		{BDDEC942-AAC0-4F42-833F-7D1347177BD0}.AppStore|ARM.Build.0 = Debug|Any CPU
		{BDDEC942-AAC0-4F42-833F-7D1347177BD0}.AppStore|iPhone.ActiveCfg = Debug|Any CPU
		{BDDEC942-AAC0-4F42-833F-7D1347177BD0}.AppStore|iPhone.Build.0 = Debug|Any CPU
		{BDDEC942-AAC0-4F42-833F-7D1347177BD0}.AppStore|iPhoneSimulator.ActiveCfg = Debug|Any CPU
		{BDDEC942-AAC0-4F42-833F-7D1347177BD0}.AppStore|iPhoneSimulator.Build.0 = Debug|Any CPU
		{BDDEC942-AAC0-4F42-833F-7D1347177BD0}.AppStore|x64.ActiveCfg = Debug|Any CPU
		{BDDEC942-AAC0-4F42-833F-7D1347177BD0}.AppStore|x64.Build.0 = Debug|Any CPU
		{BDDEC942-AAC0-4F42-833F-7D1347177BD0}.AppStore|x86.ActiveCfg = Debug|Any CPU
		{BDDEC942-AAC0-4F42-833F-7D1347177BD0}.AppStore|x86.Build.0 = Debug|Any CPU
		{BDDEC942-AAC0-4F42-833F-7D1347177BD0}.Debug|Any CPU.ActiveCfg = Debug|Any CPU
		{BDDEC942-AAC0-4F42-833F-7D1347177BD0}.Debug|Any CPU.Build.0 = Debug|Any CPU
		{BDDEC942-AAC0-4F42-833F-7D1347177BD0}.Debug|ARM.ActiveCfg = Debug|Any CPU
		{BDDEC942-AAC0-4F42-833F-7D1347177BD0}.Debug|ARM.Build.0 = Debug|Any CPU
		{BDDEC942-AAC0-4F42-833F-7D1347177BD0}.Debug|iPhone.ActiveCfg = Debug|Any CPU
		{BDDEC942-AAC0-4F42-833F-7D1347177BD0}.Debug|iPhone.Build.0 = Debug|Any CPU
		{BDDEC942-AAC0-4F42-833F-7D1347177BD0}.Debug|iPhoneSimulator.ActiveCfg = Debug|Any CPU
		{BDDEC942-AAC0-4F42-833F-7D1347177BD0}.Debug|iPhoneSimulator.Build.0 = Debug|Any CPU
		{BDDEC942-AAC0-4F42-833F-7D1347177BD0}.Debug|x64.ActiveCfg = Debug|Any CPU
		{BDDEC942-AAC0-4F42-833F-7D1347177BD0}.Debug|x64.Build.0 = Debug|Any CPU
		{BDDEC942-AAC0-4F42-833F-7D1347177BD0}.Debug|x86.ActiveCfg = Debug|Any CPU
		{BDDEC942-AAC0-4F42-833F-7D1347177BD0}.Debug|x86.Build.0 = Debug|Any CPU
		{BDDEC942-AAC0-4F42-833F-7D1347177BD0}.Release|Any CPU.ActiveCfg = Release|Any CPU
		{BDDEC942-AAC0-4F42-833F-7D1347177BD0}.Release|Any CPU.Build.0 = Release|Any CPU
		{BDDEC942-AAC0-4F42-833F-7D1347177BD0}.Release|ARM.ActiveCfg = Release|Any CPU
		{BDDEC942-AAC0-4F42-833F-7D1347177BD0}.Release|ARM.Build.0 = Release|Any CPU
		{BDDEC942-AAC0-4F42-833F-7D1347177BD0}.Release|iPhone.ActiveCfg = Release|Any CPU
		{BDDEC942-AAC0-4F42-833F-7D1347177BD0}.Release|iPhone.Build.0 = Release|Any CPU
		{BDDEC942-AAC0-4F42-833F-7D1347177BD0}.Release|iPhoneSimulator.ActiveCfg = Release|Any CPU
		{BDDEC942-AAC0-4F42-833F-7D1347177BD0}.Release|iPhoneSimulator.Build.0 = Release|Any CPU
		{BDDEC942-AAC0-4F42-833F-7D1347177BD0}.Release|x64.ActiveCfg = Release|Any CPU
		{BDDEC942-AAC0-4F42-833F-7D1347177BD0}.Release|x64.Build.0 = Release|Any CPU
		{BDDEC942-AAC0-4F42-833F-7D1347177BD0}.Release|x86.ActiveCfg = Release|Any CPU
		{BDDEC942-AAC0-4F42-833F-7D1347177BD0}.Release|x86.Build.0 = Release|Any CPU
		{158053BA-8543-451A-900D-DAB6F3BDC5F4}.Ad-Hoc|Any CPU.ActiveCfg = Debug|Any CPU
		{158053BA-8543-451A-900D-DAB6F3BDC5F4}.Ad-Hoc|Any CPU.Build.0 = Debug|Any CPU
		{158053BA-8543-451A-900D-DAB6F3BDC5F4}.Ad-Hoc|ARM.ActiveCfg = Debug|Any CPU
		{158053BA-8543-451A-900D-DAB6F3BDC5F4}.Ad-Hoc|ARM.Build.0 = Debug|Any CPU
		{158053BA-8543-451A-900D-DAB6F3BDC5F4}.Ad-Hoc|iPhone.ActiveCfg = Debug|Any CPU
		{158053BA-8543-451A-900D-DAB6F3BDC5F4}.Ad-Hoc|iPhone.Build.0 = Debug|Any CPU
		{158053BA-8543-451A-900D-DAB6F3BDC5F4}.Ad-Hoc|iPhoneSimulator.ActiveCfg = Debug|Any CPU
		{158053BA-8543-451A-900D-DAB6F3BDC5F4}.Ad-Hoc|iPhoneSimulator.Build.0 = Debug|Any CPU
		{158053BA-8543-451A-900D-DAB6F3BDC5F4}.Ad-Hoc|x64.ActiveCfg = Debug|Any CPU
		{158053BA-8543-451A-900D-DAB6F3BDC5F4}.Ad-Hoc|x64.Build.0 = Debug|Any CPU
		{158053BA-8543-451A-900D-DAB6F3BDC5F4}.Ad-Hoc|x86.ActiveCfg = Debug|Any CPU
		{158053BA-8543-451A-900D-DAB6F3BDC5F4}.Ad-Hoc|x86.Build.0 = Debug|Any CPU
		{158053BA-8543-451A-900D-DAB6F3BDC5F4}.AppStore|Any CPU.ActiveCfg = Debug|Any CPU
		{158053BA-8543-451A-900D-DAB6F3BDC5F4}.AppStore|Any CPU.Build.0 = Debug|Any CPU
		{158053BA-8543-451A-900D-DAB6F3BDC5F4}.AppStore|ARM.ActiveCfg = Debug|Any CPU
		{158053BA-8543-451A-900D-DAB6F3BDC5F4}.AppStore|ARM.Build.0 = Debug|Any CPU
		{158053BA-8543-451A-900D-DAB6F3BDC5F4}.AppStore|iPhone.ActiveCfg = Debug|Any CPU
		{158053BA-8543-451A-900D-DAB6F3BDC5F4}.AppStore|iPhone.Build.0 = Debug|Any CPU
		{158053BA-8543-451A-900D-DAB6F3BDC5F4}.AppStore|iPhoneSimulator.ActiveCfg = Debug|Any CPU
		{158053BA-8543-451A-900D-DAB6F3BDC5F4}.AppStore|iPhoneSimulator.Build.0 = Debug|Any CPU
		{158053BA-8543-451A-900D-DAB6F3BDC5F4}.AppStore|x64.ActiveCfg = Debug|Any CPU
		{158053BA-8543-451A-900D-DAB6F3BDC5F4}.AppStore|x64.Build.0 = Debug|Any CPU
		{158053BA-8543-451A-900D-DAB6F3BDC5F4}.AppStore|x86.ActiveCfg = Debug|Any CPU
		{158053BA-8543-451A-900D-DAB6F3BDC5F4}.AppStore|x86.Build.0 = Debug|Any CPU
		{158053BA-8543-451A-900D-DAB6F3BDC5F4}.Debug|Any CPU.ActiveCfg = Debug|Any CPU
		{158053BA-8543-451A-900D-DAB6F3BDC5F4}.Debug|Any CPU.Build.0 = Debug|Any CPU
		{158053BA-8543-451A-900D-DAB6F3BDC5F4}.Debug|ARM.ActiveCfg = Debug|Any CPU
		{158053BA-8543-451A-900D-DAB6F3BDC5F4}.Debug|ARM.Build.0 = Debug|Any CPU
		{158053BA-8543-451A-900D-DAB6F3BDC5F4}.Debug|iPhone.ActiveCfg = Debug|Any CPU
		{158053BA-8543-451A-900D-DAB6F3BDC5F4}.Debug|iPhone.Build.0 = Debug|Any CPU
		{158053BA-8543-451A-900D-DAB6F3BDC5F4}.Debug|iPhoneSimulator.ActiveCfg = Debug|Any CPU
		{158053BA-8543-451A-900D-DAB6F3BDC5F4}.Debug|iPhoneSimulator.Build.0 = Debug|Any CPU
		{158053BA-8543-451A-900D-DAB6F3BDC5F4}.Debug|x64.ActiveCfg = Debug|Any CPU
		{158053BA-8543-451A-900D-DAB6F3BDC5F4}.Debug|x64.Build.0 = Debug|Any CPU
		{158053BA-8543-451A-900D-DAB6F3BDC5F4}.Debug|x86.ActiveCfg = Debug|Any CPU
		{158053BA-8543-451A-900D-DAB6F3BDC5F4}.Debug|x86.Build.0 = Debug|Any CPU
		{158053BA-8543-451A-900D-DAB6F3BDC5F4}.Release|Any CPU.ActiveCfg = Release|Any CPU
		{158053BA-8543-451A-900D-DAB6F3BDC5F4}.Release|Any CPU.Build.0 = Release|Any CPU
		{158053BA-8543-451A-900D-DAB6F3BDC5F4}.Release|ARM.ActiveCfg = Release|Any CPU
		{158053BA-8543-451A-900D-DAB6F3BDC5F4}.Release|ARM.Build.0 = Release|Any CPU
		{158053BA-8543-451A-900D-DAB6F3BDC5F4}.Release|iPhone.ActiveCfg = Release|Any CPU
		{158053BA-8543-451A-900D-DAB6F3BDC5F4}.Release|iPhone.Build.0 = Release|Any CPU
		{158053BA-8543-451A-900D-DAB6F3BDC5F4}.Release|iPhoneSimulator.ActiveCfg = Release|Any CPU
		{158053BA-8543-451A-900D-DAB6F3BDC5F4}.Release|iPhoneSimulator.Build.0 = Release|Any CPU
		{158053BA-8543-451A-900D-DAB6F3BDC5F4}.Release|x64.ActiveCfg = Release|Any CPU
		{158053BA-8543-451A-900D-DAB6F3BDC5F4}.Release|x64.Build.0 = Release|Any CPU
		{158053BA-8543-451A-900D-DAB6F3BDC5F4}.Release|x86.ActiveCfg = Release|Any CPU
		{158053BA-8543-451A-900D-DAB6F3BDC5F4}.Release|x86.Build.0 = Release|Any CPU
		{765429E2-54BC-4C25-9B8F-06B83C5C7E0A}.Ad-Hoc|Any CPU.ActiveCfg = Release|iPhoneSimulator
		{765429E2-54BC-4C25-9B8F-06B83C5C7E0A}.Ad-Hoc|Any CPU.Build.0 = Release|iPhoneSimulator
		{765429E2-54BC-4C25-9B8F-06B83C5C7E0A}.Ad-Hoc|ARM.ActiveCfg = Release|iPhoneSimulator
		{765429E2-54BC-4C25-9B8F-06B83C5C7E0A}.Ad-Hoc|ARM.Build.0 = Release|iPhoneSimulator
		{765429E2-54BC-4C25-9B8F-06B83C5C7E0A}.Ad-Hoc|iPhone.ActiveCfg = Release|iPhone
		{765429E2-54BC-4C25-9B8F-06B83C5C7E0A}.Ad-Hoc|iPhone.Build.0 = Release|iPhone
		{765429E2-54BC-4C25-9B8F-06B83C5C7E0A}.Ad-Hoc|iPhoneSimulator.ActiveCfg = Release|iPhoneSimulator
		{765429E2-54BC-4C25-9B8F-06B83C5C7E0A}.Ad-Hoc|iPhoneSimulator.Build.0 = Release|iPhoneSimulator
		{765429E2-54BC-4C25-9B8F-06B83C5C7E0A}.Ad-Hoc|x64.ActiveCfg = Release|iPhoneSimulator
		{765429E2-54BC-4C25-9B8F-06B83C5C7E0A}.Ad-Hoc|x64.Build.0 = Release|iPhoneSimulator
		{765429E2-54BC-4C25-9B8F-06B83C5C7E0A}.Ad-Hoc|x86.ActiveCfg = Release|iPhoneSimulator
		{765429E2-54BC-4C25-9B8F-06B83C5C7E0A}.Ad-Hoc|x86.Build.0 = Release|iPhoneSimulator
		{765429E2-54BC-4C25-9B8F-06B83C5C7E0A}.AppStore|Any CPU.ActiveCfg = Release|iPhoneSimulator
		{765429E2-54BC-4C25-9B8F-06B83C5C7E0A}.AppStore|Any CPU.Build.0 = Release|iPhoneSimulator
		{765429E2-54BC-4C25-9B8F-06B83C5C7E0A}.AppStore|ARM.ActiveCfg = Release|iPhoneSimulator
		{765429E2-54BC-4C25-9B8F-06B83C5C7E0A}.AppStore|ARM.Build.0 = Release|iPhoneSimulator
		{765429E2-54BC-4C25-9B8F-06B83C5C7E0A}.AppStore|iPhone.ActiveCfg = Release|iPhone
		{765429E2-54BC-4C25-9B8F-06B83C5C7E0A}.AppStore|iPhone.Build.0 = Release|iPhone
		{765429E2-54BC-4C25-9B8F-06B83C5C7E0A}.AppStore|iPhoneSimulator.ActiveCfg = Release|iPhoneSimulator
		{765429E2-54BC-4C25-9B8F-06B83C5C7E0A}.AppStore|iPhoneSimulator.Build.0 = Release|iPhoneSimulator
		{765429E2-54BC-4C25-9B8F-06B83C5C7E0A}.AppStore|x64.ActiveCfg = Release|iPhoneSimulator
		{765429E2-54BC-4C25-9B8F-06B83C5C7E0A}.AppStore|x64.Build.0 = Release|iPhoneSimulator
		{765429E2-54BC-4C25-9B8F-06B83C5C7E0A}.AppStore|x86.ActiveCfg = Release|iPhoneSimulator
		{765429E2-54BC-4C25-9B8F-06B83C5C7E0A}.AppStore|x86.Build.0 = Release|iPhoneSimulator
		{765429E2-54BC-4C25-9B8F-06B83C5C7E0A}.Debug|Any CPU.ActiveCfg = Debug|iPhone
		{765429E2-54BC-4C25-9B8F-06B83C5C7E0A}.Debug|ARM.ActiveCfg = Debug|iPhone
		{765429E2-54BC-4C25-9B8F-06B83C5C7E0A}.Debug|iPhone.ActiveCfg = Debug|iPhone
		{765429E2-54BC-4C25-9B8F-06B83C5C7E0A}.Debug|iPhone.Build.0 = Debug|iPhone
		{765429E2-54BC-4C25-9B8F-06B83C5C7E0A}.Debug|iPhoneSimulator.ActiveCfg = Debug|iPhoneSimulator
		{765429E2-54BC-4C25-9B8F-06B83C5C7E0A}.Debug|iPhoneSimulator.Build.0 = Debug|iPhoneSimulator
		{765429E2-54BC-4C25-9B8F-06B83C5C7E0A}.Debug|x64.ActiveCfg = Debug|iPhone
		{765429E2-54BC-4C25-9B8F-06B83C5C7E0A}.Debug|x86.ActiveCfg = Debug|iPhone
		{765429E2-54BC-4C25-9B8F-06B83C5C7E0A}.Release|Any CPU.ActiveCfg = Release|iPhone
		{765429E2-54BC-4C25-9B8F-06B83C5C7E0A}.Release|ARM.ActiveCfg = Release|iPhone
		{765429E2-54BC-4C25-9B8F-06B83C5C7E0A}.Release|iPhone.ActiveCfg = Release|iPhone
		{765429E2-54BC-4C25-9B8F-06B83C5C7E0A}.Release|iPhone.Build.0 = Release|iPhone
		{765429E2-54BC-4C25-9B8F-06B83C5C7E0A}.Release|iPhoneSimulator.ActiveCfg = Release|iPhoneSimulator
		{765429E2-54BC-4C25-9B8F-06B83C5C7E0A}.Release|iPhoneSimulator.Build.0 = Release|iPhoneSimulator
		{765429E2-54BC-4C25-9B8F-06B83C5C7E0A}.Release|x64.ActiveCfg = Release|iPhone
		{765429E2-54BC-4C25-9B8F-06B83C5C7E0A}.Release|x86.ActiveCfg = Release|iPhone
		{C736C55F-613B-4D3C-91D9-1B3A05B407C7}.Ad-Hoc|Any CPU.ActiveCfg = Debug|Any CPU
		{C736C55F-613B-4D3C-91D9-1B3A05B407C7}.Ad-Hoc|Any CPU.Build.0 = Debug|Any CPU
		{C736C55F-613B-4D3C-91D9-1B3A05B407C7}.Ad-Hoc|ARM.ActiveCfg = Debug|Any CPU
		{C736C55F-613B-4D3C-91D9-1B3A05B407C7}.Ad-Hoc|ARM.Build.0 = Debug|Any CPU
		{C736C55F-613B-4D3C-91D9-1B3A05B407C7}.Ad-Hoc|iPhone.ActiveCfg = Debug|Any CPU
		{C736C55F-613B-4D3C-91D9-1B3A05B407C7}.Ad-Hoc|iPhone.Build.0 = Debug|Any CPU
		{C736C55F-613B-4D3C-91D9-1B3A05B407C7}.Ad-Hoc|iPhoneSimulator.ActiveCfg = Debug|Any CPU
		{C736C55F-613B-4D3C-91D9-1B3A05B407C7}.Ad-Hoc|iPhoneSimulator.Build.0 = Debug|Any CPU
		{C736C55F-613B-4D3C-91D9-1B3A05B407C7}.Ad-Hoc|x64.ActiveCfg = Debug|Any CPU
		{C736C55F-613B-4D3C-91D9-1B3A05B407C7}.Ad-Hoc|x64.Build.0 = Debug|Any CPU
		{C736C55F-613B-4D3C-91D9-1B3A05B407C7}.Ad-Hoc|x86.ActiveCfg = Debug|Any CPU
		{C736C55F-613B-4D3C-91D9-1B3A05B407C7}.Ad-Hoc|x86.Build.0 = Debug|Any CPU
		{C736C55F-613B-4D3C-91D9-1B3A05B407C7}.AppStore|Any CPU.ActiveCfg = Debug|Any CPU
		{C736C55F-613B-4D3C-91D9-1B3A05B407C7}.AppStore|Any CPU.Build.0 = Debug|Any CPU
		{C736C55F-613B-4D3C-91D9-1B3A05B407C7}.AppStore|ARM.ActiveCfg = Debug|Any CPU
		{C736C55F-613B-4D3C-91D9-1B3A05B407C7}.AppStore|ARM.Build.0 = Debug|Any CPU
		{C736C55F-613B-4D3C-91D9-1B3A05B407C7}.AppStore|iPhone.ActiveCfg = Debug|Any CPU
		{C736C55F-613B-4D3C-91D9-1B3A05B407C7}.AppStore|iPhone.Build.0 = Debug|Any CPU
		{C736C55F-613B-4D3C-91D9-1B3A05B407C7}.AppStore|iPhoneSimulator.ActiveCfg = Debug|Any CPU
		{C736C55F-613B-4D3C-91D9-1B3A05B407C7}.AppStore|iPhoneSimulator.Build.0 = Debug|Any CPU
		{C736C55F-613B-4D3C-91D9-1B3A05B407C7}.AppStore|x64.ActiveCfg = Debug|Any CPU
		{C736C55F-613B-4D3C-91D9-1B3A05B407C7}.AppStore|x64.Build.0 = Debug|Any CPU
		{C736C55F-613B-4D3C-91D9-1B3A05B407C7}.AppStore|x86.ActiveCfg = Debug|Any CPU
		{C736C55F-613B-4D3C-91D9-1B3A05B407C7}.AppStore|x86.Build.0 = Debug|Any CPU
		{C736C55F-613B-4D3C-91D9-1B3A05B407C7}.Debug|Any CPU.ActiveCfg = Debug|Any CPU
		{C736C55F-613B-4D3C-91D9-1B3A05B407C7}.Debug|Any CPU.Build.0 = Debug|Any CPU
		{C736C55F-613B-4D3C-91D9-1B3A05B407C7}.Debug|ARM.ActiveCfg = Debug|Any CPU
		{C736C55F-613B-4D3C-91D9-1B3A05B407C7}.Debug|ARM.Build.0 = Debug|Any CPU
		{C736C55F-613B-4D3C-91D9-1B3A05B407C7}.Debug|iPhone.ActiveCfg = Debug|Any CPU
		{C736C55F-613B-4D3C-91D9-1B3A05B407C7}.Debug|iPhone.Build.0 = Debug|Any CPU
		{C736C55F-613B-4D3C-91D9-1B3A05B407C7}.Debug|iPhoneSimulator.ActiveCfg = Debug|Any CPU
		{C736C55F-613B-4D3C-91D9-1B3A05B407C7}.Debug|iPhoneSimulator.Build.0 = Debug|Any CPU
		{C736C55F-613B-4D3C-91D9-1B3A05B407C7}.Debug|x64.ActiveCfg = Debug|Any CPU
		{C736C55F-613B-4D3C-91D9-1B3A05B407C7}.Debug|x64.Build.0 = Debug|Any CPU
		{C736C55F-613B-4D3C-91D9-1B3A05B407C7}.Debug|x86.ActiveCfg = Debug|Any CPU
		{C736C55F-613B-4D3C-91D9-1B3A05B407C7}.Debug|x86.Build.0 = Debug|Any CPU
		{C736C55F-613B-4D3C-91D9-1B3A05B407C7}.Release|Any CPU.ActiveCfg = Release|Any CPU
		{C736C55F-613B-4D3C-91D9-1B3A05B407C7}.Release|Any CPU.Build.0 = Release|Any CPU
		{C736C55F-613B-4D3C-91D9-1B3A05B407C7}.Release|ARM.ActiveCfg = Release|Any CPU
		{C736C55F-613B-4D3C-91D9-1B3A05B407C7}.Release|ARM.Build.0 = Release|Any CPU
		{C736C55F-613B-4D3C-91D9-1B3A05B407C7}.Release|iPhone.ActiveCfg = Release|Any CPU
		{C736C55F-613B-4D3C-91D9-1B3A05B407C7}.Release|iPhone.Build.0 = Release|Any CPU
		{C736C55F-613B-4D3C-91D9-1B3A05B407C7}.Release|iPhoneSimulator.ActiveCfg = Release|Any CPU
		{C736C55F-613B-4D3C-91D9-1B3A05B407C7}.Release|iPhoneSimulator.Build.0 = Release|Any CPU
		{C736C55F-613B-4D3C-91D9-1B3A05B407C7}.Release|x64.ActiveCfg = Release|Any CPU
		{C736C55F-613B-4D3C-91D9-1B3A05B407C7}.Release|x64.Build.0 = Release|Any CPU
		{C736C55F-613B-4D3C-91D9-1B3A05B407C7}.Release|x86.ActiveCfg = Release|Any CPU
		{C736C55F-613B-4D3C-91D9-1B3A05B407C7}.Release|x86.Build.0 = Release|Any CPU
		{273644B0-46A9-4DD8-BC9B-264C509A6E6D}.Ad-Hoc|Any CPU.ActiveCfg = Release|Any CPU
		{273644B0-46A9-4DD8-BC9B-264C509A6E6D}.Ad-Hoc|Any CPU.Build.0 = Release|Any CPU
		{273644B0-46A9-4DD8-BC9B-264C509A6E6D}.Ad-Hoc|ARM.ActiveCfg = Release|Any CPU
		{273644B0-46A9-4DD8-BC9B-264C509A6E6D}.Ad-Hoc|ARM.Build.0 = Release|Any CPU
		{273644B0-46A9-4DD8-BC9B-264C509A6E6D}.Ad-Hoc|iPhone.ActiveCfg = Release|Any CPU
		{273644B0-46A9-4DD8-BC9B-264C509A6E6D}.Ad-Hoc|iPhone.Build.0 = Release|Any CPU
		{273644B0-46A9-4DD8-BC9B-264C509A6E6D}.Ad-Hoc|iPhoneSimulator.ActiveCfg = Release|Any CPU
		{273644B0-46A9-4DD8-BC9B-264C509A6E6D}.Ad-Hoc|iPhoneSimulator.Build.0 = Release|Any CPU
		{273644B0-46A9-4DD8-BC9B-264C509A6E6D}.Ad-Hoc|x64.ActiveCfg = Release|Any CPU
		{273644B0-46A9-4DD8-BC9B-264C509A6E6D}.Ad-Hoc|x64.Build.0 = Release|Any CPU
		{273644B0-46A9-4DD8-BC9B-264C509A6E6D}.Ad-Hoc|x86.ActiveCfg = Release|Any CPU
		{273644B0-46A9-4DD8-BC9B-264C509A6E6D}.Ad-Hoc|x86.Build.0 = Release|Any CPU
		{273644B0-46A9-4DD8-BC9B-264C509A6E6D}.AppStore|Any CPU.ActiveCfg = Release|Any CPU
		{273644B0-46A9-4DD8-BC9B-264C509A6E6D}.AppStore|Any CPU.Build.0 = Release|Any CPU
		{273644B0-46A9-4DD8-BC9B-264C509A6E6D}.AppStore|ARM.ActiveCfg = Release|Any CPU
		{273644B0-46A9-4DD8-BC9B-264C509A6E6D}.AppStore|ARM.Build.0 = Release|Any CPU
		{273644B0-46A9-4DD8-BC9B-264C509A6E6D}.AppStore|iPhone.ActiveCfg = Release|Any CPU
		{273644B0-46A9-4DD8-BC9B-264C509A6E6D}.AppStore|iPhone.Build.0 = Release|Any CPU
		{273644B0-46A9-4DD8-BC9B-264C509A6E6D}.AppStore|iPhoneSimulator.ActiveCfg = Release|Any CPU
		{273644B0-46A9-4DD8-BC9B-264C509A6E6D}.AppStore|iPhoneSimulator.Build.0 = Release|Any CPU
		{273644B0-46A9-4DD8-BC9B-264C509A6E6D}.AppStore|x64.ActiveCfg = Release|Any CPU
		{273644B0-46A9-4DD8-BC9B-264C509A6E6D}.AppStore|x64.Build.0 = Release|Any CPU
		{273644B0-46A9-4DD8-BC9B-264C509A6E6D}.AppStore|x86.ActiveCfg = Release|Any CPU
		{273644B0-46A9-4DD8-BC9B-264C509A6E6D}.AppStore|x86.Build.0 = Release|Any CPU
		{273644B0-46A9-4DD8-BC9B-264C509A6E6D}.Debug|Any CPU.ActiveCfg = Debug|Any CPU
		{273644B0-46A9-4DD8-BC9B-264C509A6E6D}.Debug|Any CPU.Build.0 = Debug|Any CPU
		{273644B0-46A9-4DD8-BC9B-264C509A6E6D}.Debug|ARM.ActiveCfg = Debug|Any CPU
		{273644B0-46A9-4DD8-BC9B-264C509A6E6D}.Debug|ARM.Build.0 = Debug|Any CPU
		{273644B0-46A9-4DD8-BC9B-264C509A6E6D}.Debug|iPhone.ActiveCfg = Debug|Any CPU
		{273644B0-46A9-4DD8-BC9B-264C509A6E6D}.Debug|iPhone.Build.0 = Debug|Any CPU
		{273644B0-46A9-4DD8-BC9B-264C509A6E6D}.Debug|iPhoneSimulator.ActiveCfg = Debug|Any CPU
		{273644B0-46A9-4DD8-BC9B-264C509A6E6D}.Debug|iPhoneSimulator.Build.0 = Debug|Any CPU
		{273644B0-46A9-4DD8-BC9B-264C509A6E6D}.Debug|x64.ActiveCfg = Debug|Any CPU
		{273644B0-46A9-4DD8-BC9B-264C509A6E6D}.Debug|x64.Build.0 = Debug|Any CPU
		{273644B0-46A9-4DD8-BC9B-264C509A6E6D}.Debug|x86.ActiveCfg = Debug|Any CPU
		{273644B0-46A9-4DD8-BC9B-264C509A6E6D}.Debug|x86.Build.0 = Debug|Any CPU
		{273644B0-46A9-4DD8-BC9B-264C509A6E6D}.Release|Any CPU.ActiveCfg = Release|Any CPU
		{273644B0-46A9-4DD8-BC9B-264C509A6E6D}.Release|Any CPU.Build.0 = Release|Any CPU
		{273644B0-46A9-4DD8-BC9B-264C509A6E6D}.Release|ARM.ActiveCfg = Release|Any CPU
		{273644B0-46A9-4DD8-BC9B-264C509A6E6D}.Release|ARM.Build.0 = Release|Any CPU
		{273644B0-46A9-4DD8-BC9B-264C509A6E6D}.Release|iPhone.ActiveCfg = Release|Any CPU
		{273644B0-46A9-4DD8-BC9B-264C509A6E6D}.Release|iPhone.Build.0 = Release|Any CPU
		{273644B0-46A9-4DD8-BC9B-264C509A6E6D}.Release|iPhoneSimulator.ActiveCfg = Release|Any CPU
		{273644B0-46A9-4DD8-BC9B-264C509A6E6D}.Release|iPhoneSimulator.Build.0 = Release|Any CPU
		{273644B0-46A9-4DD8-BC9B-264C509A6E6D}.Release|x64.ActiveCfg = Release|Any CPU
		{273644B0-46A9-4DD8-BC9B-264C509A6E6D}.Release|x64.Build.0 = Release|Any CPU
		{273644B0-46A9-4DD8-BC9B-264C509A6E6D}.Release|x86.ActiveCfg = Release|Any CPU
		{273644B0-46A9-4DD8-BC9B-264C509A6E6D}.Release|x86.Build.0 = Release|Any CPU
		{59DF2512-11AE-4B28-82DF-1C5AE0242AE8}.Ad-Hoc|Any CPU.ActiveCfg = Release|Any CPU
		{59DF2512-11AE-4B28-82DF-1C5AE0242AE8}.Ad-Hoc|Any CPU.Build.0 = Release|Any CPU
		{59DF2512-11AE-4B28-82DF-1C5AE0242AE8}.Ad-Hoc|ARM.ActiveCfg = Release|Any CPU
		{59DF2512-11AE-4B28-82DF-1C5AE0242AE8}.Ad-Hoc|ARM.Build.0 = Release|Any CPU
		{59DF2512-11AE-4B28-82DF-1C5AE0242AE8}.Ad-Hoc|iPhone.ActiveCfg = Release|Any CPU
		{59DF2512-11AE-4B28-82DF-1C5AE0242AE8}.Ad-Hoc|iPhone.Build.0 = Release|Any CPU
		{59DF2512-11AE-4B28-82DF-1C5AE0242AE8}.Ad-Hoc|iPhoneSimulator.ActiveCfg = Release|Any CPU
		{59DF2512-11AE-4B28-82DF-1C5AE0242AE8}.Ad-Hoc|iPhoneSimulator.Build.0 = Release|Any CPU
		{59DF2512-11AE-4B28-82DF-1C5AE0242AE8}.Ad-Hoc|x64.ActiveCfg = Release|Any CPU
		{59DF2512-11AE-4B28-82DF-1C5AE0242AE8}.Ad-Hoc|x64.Build.0 = Release|Any CPU
		{59DF2512-11AE-4B28-82DF-1C5AE0242AE8}.Ad-Hoc|x86.ActiveCfg = Release|Any CPU
		{59DF2512-11AE-4B28-82DF-1C5AE0242AE8}.Ad-Hoc|x86.Build.0 = Release|Any CPU
		{59DF2512-11AE-4B28-82DF-1C5AE0242AE8}.AppStore|Any CPU.ActiveCfg = Release|Any CPU
		{59DF2512-11AE-4B28-82DF-1C5AE0242AE8}.AppStore|Any CPU.Build.0 = Release|Any CPU
		{59DF2512-11AE-4B28-82DF-1C5AE0242AE8}.AppStore|ARM.ActiveCfg = Release|Any CPU
		{59DF2512-11AE-4B28-82DF-1C5AE0242AE8}.AppStore|ARM.Build.0 = Release|Any CPU
		{59DF2512-11AE-4B28-82DF-1C5AE0242AE8}.AppStore|iPhone.ActiveCfg = Release|Any CPU
		{59DF2512-11AE-4B28-82DF-1C5AE0242AE8}.AppStore|iPhone.Build.0 = Release|Any CPU
		{59DF2512-11AE-4B28-82DF-1C5AE0242AE8}.AppStore|iPhoneSimulator.ActiveCfg = Release|Any CPU
		{59DF2512-11AE-4B28-82DF-1C5AE0242AE8}.AppStore|iPhoneSimulator.Build.0 = Release|Any CPU
		{59DF2512-11AE-4B28-82DF-1C5AE0242AE8}.AppStore|x64.ActiveCfg = Release|Any CPU
		{59DF2512-11AE-4B28-82DF-1C5AE0242AE8}.AppStore|x64.Build.0 = Release|Any CPU
		{59DF2512-11AE-4B28-82DF-1C5AE0242AE8}.AppStore|x86.ActiveCfg = Release|Any CPU
		{59DF2512-11AE-4B28-82DF-1C5AE0242AE8}.AppStore|x86.Build.0 = Release|Any CPU
		{59DF2512-11AE-4B28-82DF-1C5AE0242AE8}.Debug|Any CPU.ActiveCfg = Debug|Any CPU
		{59DF2512-11AE-4B28-82DF-1C5AE0242AE8}.Debug|Any CPU.Build.0 = Debug|Any CPU
		{59DF2512-11AE-4B28-82DF-1C5AE0242AE8}.Debug|ARM.ActiveCfg = Debug|Any CPU
		{59DF2512-11AE-4B28-82DF-1C5AE0242AE8}.Debug|ARM.Build.0 = Debug|Any CPU
		{59DF2512-11AE-4B28-82DF-1C5AE0242AE8}.Debug|iPhone.ActiveCfg = Debug|Any CPU
		{59DF2512-11AE-4B28-82DF-1C5AE0242AE8}.Debug|iPhone.Build.0 = Debug|Any CPU
		{59DF2512-11AE-4B28-82DF-1C5AE0242AE8}.Debug|iPhoneSimulator.ActiveCfg = Debug|Any CPU
		{59DF2512-11AE-4B28-82DF-1C5AE0242AE8}.Debug|iPhoneSimulator.Build.0 = Debug|Any CPU
		{59DF2512-11AE-4B28-82DF-1C5AE0242AE8}.Debug|x64.ActiveCfg = Debug|Any CPU
		{59DF2512-11AE-4B28-82DF-1C5AE0242AE8}.Debug|x64.Build.0 = Debug|Any CPU
		{59DF2512-11AE-4B28-82DF-1C5AE0242AE8}.Debug|x86.ActiveCfg = Debug|Any CPU
		{59DF2512-11AE-4B28-82DF-1C5AE0242AE8}.Debug|x86.Build.0 = Debug|Any CPU
		{59DF2512-11AE-4B28-82DF-1C5AE0242AE8}.Release|Any CPU.ActiveCfg = Release|Any CPU
		{59DF2512-11AE-4B28-82DF-1C5AE0242AE8}.Release|Any CPU.Build.0 = Release|Any CPU
		{59DF2512-11AE-4B28-82DF-1C5AE0242AE8}.Release|ARM.ActiveCfg = Release|Any CPU
		{59DF2512-11AE-4B28-82DF-1C5AE0242AE8}.Release|ARM.Build.0 = Release|Any CPU
		{59DF2512-11AE-4B28-82DF-1C5AE0242AE8}.Release|iPhone.ActiveCfg = Release|Any CPU
		{59DF2512-11AE-4B28-82DF-1C5AE0242AE8}.Release|iPhone.Build.0 = Release|Any CPU
		{59DF2512-11AE-4B28-82DF-1C5AE0242AE8}.Release|iPhoneSimulator.ActiveCfg = Release|Any CPU
		{59DF2512-11AE-4B28-82DF-1C5AE0242AE8}.Release|iPhoneSimulator.Build.0 = Release|Any CPU
		{59DF2512-11AE-4B28-82DF-1C5AE0242AE8}.Release|x64.ActiveCfg = Release|Any CPU
		{59DF2512-11AE-4B28-82DF-1C5AE0242AE8}.Release|x64.Build.0 = Release|Any CPU
		{59DF2512-11AE-4B28-82DF-1C5AE0242AE8}.Release|x86.ActiveCfg = Release|Any CPU
		{59DF2512-11AE-4B28-82DF-1C5AE0242AE8}.Release|x86.Build.0 = Release|Any CPU
	EndGlobalSection
	GlobalSection(SolutionProperties) = preSolution
		HideSolutionNode = FALSE
	EndGlobalSection
	GlobalSection(NestedProjects) = preSolution
		{83B0CFB7-C231-48A9-8BF7-57D891AE2477} = {899641EF-1278-4300-BAD6-6C13D161B3F5}
		{6F07F77F-AA28-4ADD-B0F8-A3CB67DA21FE} = {9ABF9D92-3946-4A99-8876-E4E6943535AE}
		{D0D6010C-D1F5-49A4-8A9D-45043328E215} = {D8F4F795-B9DC-4594-A76C-22FC42D0CCFC}
		{6B7AD07E-4490-4137-B854-6F99F591EFCB} = {D8F4F795-B9DC-4594-A76C-22FC42D0CCFC}
		{0F3B575D-3E4E-4D88-9A18-4080393562E3} = {9ABF9D92-3946-4A99-8876-E4E6943535AE}
		{BDDEC942-AAC0-4F42-833F-7D1347177BD0} = {645CEE3C-54BC-4F0A-81C4-FB9C75CF494E}
		{158053BA-8543-451A-900D-DAB6F3BDC5F4} = {645CEE3C-54BC-4F0A-81C4-FB9C75CF494E}
		{765429E2-54BC-4C25-9B8F-06B83C5C7E0A} = {9ABF9D92-3946-4A99-8876-E4E6943535AE}
		{C736C55F-613B-4D3C-91D9-1B3A05B407C7} = {9ABF9D92-3946-4A99-8876-E4E6943535AE}
		{645CEE3C-54BC-4F0A-81C4-FB9C75CF494E} = {215F977C-E6EE-4F6E-AA35-D204ABF00475}
		{A345F029-C2E4-4B48-A351-6DBDB4507A51} = {215F977C-E6EE-4F6E-AA35-D204ABF00475}
		{273644B0-46A9-4DD8-BC9B-264C509A6E6D} = {44D31CD7-5749-4425-9A31-F3CC631D7E4B}
		{44BF0EDD-6810-4960-A705-06288ADBBFB5} = {A345F029-C2E4-4B48-A351-6DBDB4507A51}
		{44D31CD7-5749-4425-9A31-F3CC631D7E4B} = {A345F029-C2E4-4B48-A351-6DBDB4507A51}
		{59DF2512-11AE-4B28-82DF-1C5AE0242AE8} = {44BF0EDD-6810-4960-A705-06288ADBBFB5}
	EndGlobalSection
	GlobalSection(ExtensibilityGlobals) = postSolution
		SolutionGuid = {0854CEF1-2D6B-420A-A991-84779E5544A7}
	EndGlobalSection
EndGlobal
